// !$*UTF8*$!
{
	archiveVersion = 1;
	classes = {
	};
	objectVersion = 56;
	objects = {

/* Begin PBXBuildFile section */
		931BBF65295C142200359359 /* Alamofire in Frameworks */ = {isa = PBXBuildFile; productRef = 931BBF64295C142200359359 /* Alamofire */; };
		931BBF6A295C16B700359359 /* Realm in Frameworks */ = {isa = PBXBuildFile; productRef = 931BBF69295C16B700359359 /* Realm */; };
		931BBF6C295C16B700359359 /* RealmSwift in Frameworks */ = {isa = PBXBuildFile; productRef = 931BBF6B295C16B700359359 /* RealmSwift */; };
		931BBF6F295C171000359359 /* SDWebImageSwiftUI in Frameworks */ = {isa = PBXBuildFile; productRef = 931BBF6E295C171000359359 /* SDWebImageSwiftUI */; };
		931BBF82295C18FD00359359 /* HomeView.swift in Sources */ = {isa = PBXBuildFile; fileRef = 931BBF81295C18FD00359359 /* HomeView.swift */; };
		931BBF84295C197400359359 /* HomePresenter.swift in Sources */ = {isa = PBXBuildFile; fileRef = 931BBF83295C197400359359 /* HomePresenter.swift */; };
		931BBF89295C19C400359359 /* APICall.swift in Sources */ = {isa = PBXBuildFile; fileRef = 931BBF88295C19C400359359 /* APICall.swift */; };
		931BBF8B295C1B4100359359 /* RemoteDateSource.swift in Sources */ = {isa = PBXBuildFile; fileRef = 931BBF8A295C1B4100359359 /* RemoteDateSource.swift */; };
		931BBF8E295C201500359359 /* AnimeRankingResponse.swift in Sources */ = {isa = PBXBuildFile; fileRef = 931BBF8D295C201500359359 /* AnimeRankingResponse.swift */; };
		931BBF92295C24B900359359 /* CustomErrorExtension.swift in Sources */ = {isa = PBXBuildFile; fileRef = 931BBF91295C24B900359359 /* CustomErrorExtension.swift */; };
		931BBF94295C26B900359359 /* AnimeRepository.swift in Sources */ = {isa = PBXBuildFile; fileRef = 931BBF93295C26B900359359 /* AnimeRepository.swift */; };
		931BBF96295C270D00359359 /* LocaleDataSource.swift in Sources */ = {isa = PBXBuildFile; fileRef = 931BBF95295C270D00359359 /* LocaleDataSource.swift */; };
		931BBF99295C27A300359359 /* AnimeEntity.swift in Sources */ = {isa = PBXBuildFile; fileRef = 931BBF98295C27A300359359 /* AnimeEntity.swift */; };
		931BBF9B295C28F700359359 /* AnimeModel.swift in Sources */ = {isa = PBXBuildFile; fileRef = 931BBF9A295C28F700359359 /* AnimeModel.swift */; };
		931BBF9D295C297500359359 /* AnimeRankingMapper.swift in Sources */ = {isa = PBXBuildFile; fileRef = 931BBF9C295C297500359359 /* AnimeRankingMapper.swift */; };
		931BBF9F295C302800359359 /* AnimeResponse.swift in Sources */ = {isa = PBXBuildFile; fileRef = 931BBF9E295C302800359359 /* AnimeResponse.swift */; };
		931BBFA1295C395100359359 /* Injection.swift in Sources */ = {isa = PBXBuildFile; fileRef = 931BBFA0295C395100359359 /* Injection.swift */; };
		931BBFA3295C398E00359359 /* HomeInteractor.swift in Sources */ = {isa = PBXBuildFile; fileRef = 931BBFA2295C398E00359359 /* HomeInteractor.swift */; };
		931BBFA5295C39F400359359 /* HomeRouter.swift in Sources */ = {isa = PBXBuildFile; fileRef = 931BBFA4295C39F400359359 /* HomeRouter.swift */; };
		931BBFA7295C3ADE00359359 /* AnimeRow.swift in Sources */ = {isa = PBXBuildFile; fileRef = 931BBFA6295C3ADE00359359 /* AnimeRow.swift */; };
		931BBFAB295C3C7500359359 /* PreviewData copy.swift in Sources */ = {isa = PBXBuildFile; fileRef = 931BBFAA295C3C7500359359 /* PreviewData copy.swift */; };
		931BBFAD295C3C8900359359 /* top_all_anime_response.json in Resources */ = {isa = PBXBuildFile; fileRef = 931BBFAC295C3C8900359359 /* top_all_anime_response.json */; };
		931BBFAF295C447300359359 /* AnimeItem.swift in Sources */ = {isa = PBXBuildFile; fileRef = 931BBFAE295C447300359359 /* AnimeItem.swift */; };
		931BBFB2295C477500359359 /* Space.swift in Sources */ = {isa = PBXBuildFile; fileRef = 931BBFB1295C477500359359 /* Space.swift */; };
		931BBFB4295C479600359359 /* Shape.swift in Sources */ = {isa = PBXBuildFile; fileRef = 931BBFB3295C479600359359 /* Shape.swift */; };
		931BBFB6295C47C400359359 /* Icons.swift in Sources */ = {isa = PBXBuildFile; fileRef = 931BBFB5295C47C400359359 /* Icons.swift */; };
		931BBFB8295C4E1D00359359 /* AnimeDetailInteractor.swift in Sources */ = {isa = PBXBuildFile; fileRef = 931BBFB7295C4E1D00359359 /* AnimeDetailInteractor.swift */; };
		931BBFBD295C4F1300359359 /* AnimeDetailPresenter.swift in Sources */ = {isa = PBXBuildFile; fileRef = 931BBFBC295C4F1300359359 /* AnimeDetailPresenter.swift */; };
		931BBFBF295C4FB400359359 /* AnimeDetailView.swift in Sources */ = {isa = PBXBuildFile; fileRef = 931BBFBE295C4FB400359359 /* AnimeDetailView.swift */; };
		931BBFC1295C58BB00359359 /* FormatterExtension.swift in Sources */ = {isa = PBXBuildFile; fileRef = 931BBFC0295C58BB00359359 /* FormatterExtension.swift */; };
		934AF4B92958A82200C413B4 /* YumeApp.swift in Sources */ = {isa = PBXBuildFile; fileRef = 934AF4B82958A82200C413B4 /* YumeApp.swift */; };
		934AF4BB2958A82200C413B4 /* ContentView.swift in Sources */ = {isa = PBXBuildFile; fileRef = 934AF4BA2958A82200C413B4 /* ContentView.swift */; };
		934AF4BD2958A82200C413B4 /* Assets.xcassets in Resources */ = {isa = PBXBuildFile; fileRef = 934AF4BC2958A82200C413B4 /* Assets.xcassets */; };
		934AF4C02958A82200C413B4 /* Preview Assets.xcassets in Resources */ = {isa = PBXBuildFile; fileRef = 934AF4BF2958A82200C413B4 /* Preview Assets.xcassets */; };
		934AF4CA2958A82200C413B4 /* YumeTests.swift in Sources */ = {isa = PBXBuildFile; fileRef = 934AF4C92958A82200C413B4 /* YumeTests.swift */; };
		934AF4D42958A82200C413B4 /* YumeUITests.swift in Sources */ = {isa = PBXBuildFile; fileRef = 934AF4D32958A82200C413B4 /* YumeUITests.swift */; };
		934AF4D62958A82200C413B4 /* YumeUITestsLaunchTests.swift in Sources */ = {isa = PBXBuildFile; fileRef = 934AF4D52958A82200C413B4 /* YumeUITestsLaunchTests.swift */; };
/* End PBXBuildFile section */

/* Begin PBXContainerItemProxy section */
		934AF4C62958A82200C413B4 /* PBXContainerItemProxy */ = {
			isa = PBXContainerItemProxy;
			containerPortal = 934AF4AD2958A82100C413B4 /* Project object */;
			proxyType = 1;
			remoteGlobalIDString = 934AF4B42958A82100C413B4;
			remoteInfo = Yume;
		};
		934AF4D02958A82200C413B4 /* PBXContainerItemProxy */ = {
			isa = PBXContainerItemProxy;
			containerPortal = 934AF4AD2958A82100C413B4 /* Project object */;
			proxyType = 1;
			remoteGlobalIDString = 934AF4B42958A82100C413B4;
			remoteInfo = Yume;
		};
/* End PBXContainerItemProxy section */

/* Begin PBXFileReference section */
		931BBF81295C18FD00359359 /* HomeView.swift */ = {isa = PBXFileReference; lastKnownFileType = sourcecode.swift; path = HomeView.swift; sourceTree = "<group>"; };
		931BBF83295C197400359359 /* HomePresenter.swift */ = {isa = PBXFileReference; lastKnownFileType = sourcecode.swift; path = HomePresenter.swift; sourceTree = "<group>"; };
		931BBF88295C19C400359359 /* APICall.swift */ = {isa = PBXFileReference; lastKnownFileType = sourcecode.swift; path = APICall.swift; sourceTree = "<group>"; };
		931BBF8A295C1B4100359359 /* RemoteDateSource.swift */ = {isa = PBXFileReference; lastKnownFileType = sourcecode.swift; path = RemoteDateSource.swift; sourceTree = "<group>"; };
		931BBF8D295C201500359359 /* AnimeRankingResponse.swift */ = {isa = PBXFileReference; lastKnownFileType = sourcecode.swift; path = AnimeRankingResponse.swift; sourceTree = "<group>"; };
		931BBF91295C24B900359359 /* CustomErrorExtension.swift */ = {isa = PBXFileReference; lastKnownFileType = sourcecode.swift; path = CustomErrorExtension.swift; sourceTree = "<group>"; };
		931BBF93295C26B900359359 /* AnimeRepository.swift */ = {isa = PBXFileReference; lastKnownFileType = sourcecode.swift; path = AnimeRepository.swift; sourceTree = "<group>"; };
		931BBF95295C270D00359359 /* LocaleDataSource.swift */ = {isa = PBXFileReference; lastKnownFileType = sourcecode.swift; path = LocaleDataSource.swift; sourceTree = "<group>"; };
		931BBF98295C27A300359359 /* AnimeEntity.swift */ = {isa = PBXFileReference; lastKnownFileType = sourcecode.swift; path = AnimeEntity.swift; sourceTree = "<group>"; };
		931BBF9A295C28F700359359 /* AnimeModel.swift */ = {isa = PBXFileReference; lastKnownFileType = sourcecode.swift; path = AnimeModel.swift; sourceTree = "<group>"; };
		931BBF9C295C297500359359 /* AnimeRankingMapper.swift */ = {isa = PBXFileReference; lastKnownFileType = sourcecode.swift; path = AnimeRankingMapper.swift; sourceTree = "<group>"; };
		931BBF9E295C302800359359 /* AnimeResponse.swift */ = {isa = PBXFileReference; lastKnownFileType = sourcecode.swift; path = AnimeResponse.swift; sourceTree = "<group>"; };
		931BBFA0295C395100359359 /* Injection.swift */ = {isa = PBXFileReference; lastKnownFileType = sourcecode.swift; path = Injection.swift; sourceTree = "<group>"; };
		931BBFA2295C398E00359359 /* HomeInteractor.swift */ = {isa = PBXFileReference; lastKnownFileType = sourcecode.swift; path = HomeInteractor.swift; sourceTree = "<group>"; };
		931BBFA4295C39F400359359 /* HomeRouter.swift */ = {isa = PBXFileReference; lastKnownFileType = sourcecode.swift; path = HomeRouter.swift; sourceTree = "<group>"; };
		931BBFA6295C3ADE00359359 /* AnimeRow.swift */ = {isa = PBXFileReference; lastKnownFileType = sourcecode.swift; path = AnimeRow.swift; sourceTree = "<group>"; };
		931BBFAA295C3C7500359359 /* PreviewData copy.swift */ = {isa = PBXFileReference; fileEncoding = 4; lastKnownFileType = sourcecode.swift; path = "PreviewData copy.swift"; sourceTree = "<group>"; };
		931BBFAC295C3C8900359359 /* top_all_anime_response.json */ = {isa = PBXFileReference; fileEncoding = 4; lastKnownFileType = text.json; path = top_all_anime_response.json; sourceTree = "<group>"; };
		931BBFAE295C447300359359 /* AnimeItem.swift */ = {isa = PBXFileReference; lastKnownFileType = sourcecode.swift; path = AnimeItem.swift; sourceTree = "<group>"; };
		931BBFB1295C477500359359 /* Space.swift */ = {isa = PBXFileReference; lastKnownFileType = sourcecode.swift; path = Space.swift; sourceTree = "<group>"; };
		931BBFB3295C479600359359 /* Shape.swift */ = {isa = PBXFileReference; lastKnownFileType = sourcecode.swift; path = Shape.swift; sourceTree = "<group>"; };
		931BBFB5295C47C400359359 /* Icons.swift */ = {isa = PBXFileReference; lastKnownFileType = sourcecode.swift; path = Icons.swift; sourceTree = "<group>"; };
		931BBFB7295C4E1D00359359 /* AnimeDetailInteractor.swift */ = {isa = PBXFileReference; lastKnownFileType = sourcecode.swift; path = AnimeDetailInteractor.swift; sourceTree = "<group>"; };
		931BBFBC295C4F1300359359 /* AnimeDetailPresenter.swift */ = {isa = PBXFileReference; lastKnownFileType = sourcecode.swift; path = AnimeDetailPresenter.swift; sourceTree = "<group>"; };
		931BBFBE295C4FB400359359 /* AnimeDetailView.swift */ = {isa = PBXFileReference; lastKnownFileType = sourcecode.swift; path = AnimeDetailView.swift; sourceTree = "<group>"; };
		931BBFC0295C58BB00359359 /* FormatterExtension.swift */ = {isa = PBXFileReference; lastKnownFileType = sourcecode.swift; path = FormatterExtension.swift; sourceTree = "<group>"; };
		934AF4B52958A82200C413B4 /* Yume.app */ = {isa = PBXFileReference; explicitFileType = wrapper.application; includeInIndex = 0; path = Yume.app; sourceTree = BUILT_PRODUCTS_DIR; };
		934AF4B82958A82200C413B4 /* YumeApp.swift */ = {isa = PBXFileReference; lastKnownFileType = sourcecode.swift; path = YumeApp.swift; sourceTree = "<group>"; };
		934AF4BA2958A82200C413B4 /* ContentView.swift */ = {isa = PBXFileReference; lastKnownFileType = sourcecode.swift; path = ContentView.swift; sourceTree = "<group>"; };
		934AF4BC2958A82200C413B4 /* Assets.xcassets */ = {isa = PBXFileReference; lastKnownFileType = folder.assetcatalog; path = Assets.xcassets; sourceTree = "<group>"; };
		934AF4BF2958A82200C413B4 /* Preview Assets.xcassets */ = {isa = PBXFileReference; lastKnownFileType = folder.assetcatalog; path = "Preview Assets.xcassets"; sourceTree = "<group>"; };
		934AF4C52958A82200C413B4 /* YumeTests.xctest */ = {isa = PBXFileReference; explicitFileType = wrapper.cfbundle; includeInIndex = 0; path = YumeTests.xctest; sourceTree = BUILT_PRODUCTS_DIR; };
		934AF4C92958A82200C413B4 /* YumeTests.swift */ = {isa = PBXFileReference; lastKnownFileType = sourcecode.swift; path = YumeTests.swift; sourceTree = "<group>"; };
		934AF4CF2958A82200C413B4 /* YumeUITests.xctest */ = {isa = PBXFileReference; explicitFileType = wrapper.cfbundle; includeInIndex = 0; path = YumeUITests.xctest; sourceTree = BUILT_PRODUCTS_DIR; };
		934AF4D32958A82200C413B4 /* YumeUITests.swift */ = {isa = PBXFileReference; lastKnownFileType = sourcecode.swift; path = YumeUITests.swift; sourceTree = "<group>"; };
		934AF4D52958A82200C413B4 /* YumeUITestsLaunchTests.swift */ = {isa = PBXFileReference; lastKnownFileType = sourcecode.swift; path = YumeUITestsLaunchTests.swift; sourceTree = "<group>"; };
/* End PBXFileReference section */

/* Begin PBXFrameworksBuildPhase section */
		934AF4B22958A82100C413B4 /* Frameworks */ = {
			isa = PBXFrameworksBuildPhase;
			buildActionMask = 2147483647;
			files = (
				931BBF6F295C171000359359 /* SDWebImageSwiftUI in Frameworks */,
				931BBF6C295C16B700359359 /* RealmSwift in Frameworks */,
				931BBF6A295C16B700359359 /* Realm in Frameworks */,
				931BBF65295C142200359359 /* Alamofire in Frameworks */,
			);
			runOnlyForDeploymentPostprocessing = 0;
		};
		934AF4C22958A82200C413B4 /* Frameworks */ = {
			isa = PBXFrameworksBuildPhase;
			buildActionMask = 2147483647;
			files = (
			);
			runOnlyForDeploymentPostprocessing = 0;
		};
		934AF4CC2958A82200C413B4 /* Frameworks */ = {
			isa = PBXFrameworksBuildPhase;
			buildActionMask = 2147483647;
			files = (
			);
			runOnlyForDeploymentPostprocessing = 0;
		};
/* End PBXFrameworksBuildPhase section */

/* Begin PBXGroup section */
		931BBF70295C176E00359359 /* App */ = {
			isa = PBXGroup;
			children = (
				934AF4B82958A82200C413B4 /* YumeApp.swift */,
				934AF4BA2958A82200C413B4 /* ContentView.swift */,
			);
			path = App;
			sourceTree = "<group>";
		};
		931BBF71295C17B400359359 /* Supporting Files */ = {
			isa = PBXGroup;
			children = (
				934AF4BC2958A82200C413B4 /* Assets.xcassets */,
			);
			path = "Supporting Files";
			sourceTree = "<group>";
		};
		931BBF72295C17DC00359359 /* Data */ = {
			isa = PBXGroup;
			children = (
				931BBF75295C181100359359 /* Locale */,
				931BBF76295C181A00359359 /* Remote */,
				931BBF93295C26B900359359 /* AnimeRepository.swift */,
			);
			path = Data;
			sourceTree = "<group>";
		};
		931BBF73295C17E500359359 /* DI */ = {
			isa = PBXGroup;
			children = (
				931BBFA0295C395100359359 /* Injection.swift */,
			);
			path = DI;
			sourceTree = "<group>";
		};
		931BBF74295C17F300359359 /* Core */ = {
			isa = PBXGroup;
			children = (
				931BBF72295C17DC00359359 /* Data */,
				931BBF73295C17E500359359 /* DI */,
				931BBF77295C183000359359 /* Domain */,
				931BBF78295C183700359359 /* Utils */,
			);
			path = Core;
			sourceTree = "<group>";
		};
		931BBF75295C181100359359 /* Locale */ = {
			isa = PBXGroup;
			children = (
				931BBF97295C278500359359 /* Entity */,
				931BBF95295C270D00359359 /* LocaleDataSource.swift */,
			);
			path = Locale;
			sourceTree = "<group>";
		};
		931BBF76295C181A00359359 /* Remote */ = {
			isa = PBXGroup;
			children = (
				931BBF8C295C1FFF00359359 /* Response */,
				931BBF8A295C1B4100359359 /* RemoteDateSource.swift */,
			);
			path = Remote;
			sourceTree = "<group>";
		};
		931BBF77295C183000359359 /* Domain */ = {
			isa = PBXGroup;
			children = (
				931BBF79295C185100359359 /* Model */,
				931BBF7A295C185600359359 /* UseCase */,
			);
			path = Domain;
			sourceTree = "<group>";
		};
		931BBF78295C183700359359 /* Utils */ = {
			isa = PBXGroup;
			children = (
				931BBF87295C19B000359359 /* Network */,
				931BBF86295C19A800359359 /* Mapper */,
				931BBF85295C199F00359359 /* Extensions */,
				931BBF7C295C18C300359359 /* View */,
				931BBFB0295C475D00359359 /* Theme */,
			);
			path = Utils;
			sourceTree = "<group>";
		};
		931BBF79295C185100359359 /* Model */ = {
			isa = PBXGroup;
			children = (
				931BBF9A295C28F700359359 /* AnimeModel.swift */,
			);
			path = Model;
			sourceTree = "<group>";
		};
		931BBF7A295C185600359359 /* UseCase */ = {
			isa = PBXGroup;
			children = (
				931BBFA2295C398E00359359 /* HomeInteractor.swift */,
				931BBFB7295C4E1D00359359 /* AnimeDetailInteractor.swift */,
			);
			path = UseCase;
			sourceTree = "<group>";
		};
		931BBF7B295C186800359359 /* Module */ = {
			isa = PBXGroup;
			children = (
				931BBF7D295C18CC00359359 /* Home */,
				931BBFB9295C4ED100359359 /* AnimeDetail */,
			);
			path = Module;
			sourceTree = "<group>";
		};
		931BBF7C295C18C300359359 /* View */ = {
			isa = PBXGroup;
			children = (
			);
			path = View;
			sourceTree = "<group>";
		};
		931BBF7D295C18CC00359359 /* Home */ = {
			isa = PBXGroup;
			children = (
				931BBF7E295C18D100359359 /* Presenter */,
				931BBF7F295C18D900359359 /* View */,
				931BBF80295C18DD00359359 /* Router */,
			);
			path = Home;
			sourceTree = "<group>";
		};
		931BBF7E295C18D100359359 /* Presenter */ = {
			isa = PBXGroup;
			children = (
				931BBF83295C197400359359 /* HomePresenter.swift */,
			);
			path = Presenter;
			sourceTree = "<group>";
		};
		931BBF7F295C18D900359359 /* View */ = {
			isa = PBXGroup;
			children = (
				931BBF81295C18FD00359359 /* HomeView.swift */,
				931BBFA6295C3ADE00359359 /* AnimeRow.swift */,
				931BBFAE295C447300359359 /* AnimeItem.swift */,
			);
			path = View;
			sourceTree = "<group>";
		};
		931BBF80295C18DD00359359 /* Router */ = {
			isa = PBXGroup;
			children = (
				931BBFA4295C39F400359359 /* HomeRouter.swift */,
			);
			path = Router;
			sourceTree = "<group>";
		};
		931BBF85295C199F00359359 /* Extensions */ = {
			isa = PBXGroup;
			children = (
				931BBF91295C24B900359359 /* CustomErrorExtension.swift */,
				931BBFC0295C58BB00359359 /* FormatterExtension.swift */,
			);
			path = Extensions;
			sourceTree = "<group>";
		};
		931BBF86295C19A800359359 /* Mapper */ = {
			isa = PBXGroup;
			children = (
				931BBF9C295C297500359359 /* AnimeRankingMapper.swift */,
			);
			path = Mapper;
			sourceTree = "<group>";
		};
		931BBF87295C19B000359359 /* Network */ = {
			isa = PBXGroup;
			children = (
				931BBF88295C19C400359359 /* APICall.swift */,
			);
			path = Network;
			sourceTree = "<group>";
		};
		931BBF8C295C1FFF00359359 /* Response */ = {
			isa = PBXGroup;
			children = (
				931BBF9E295C302800359359 /* AnimeResponse.swift */,
				931BBF8D295C201500359359 /* AnimeRankingResponse.swift */,
			);
			path = Response;
			sourceTree = "<group>";
		};
		931BBF97295C278500359359 /* Entity */ = {
			isa = PBXGroup;
			children = (
				931BBF98295C27A300359359 /* AnimeEntity.swift */,
			);
			path = Entity;
			sourceTree = "<group>";
		};
		931BBFB0295C475D00359359 /* Theme */ = {
			isa = PBXGroup;
			children = (
				931BBFB5295C47C400359359 /* Icons.swift */,
				931BBFB3295C479600359359 /* Shape.swift */,
				931BBFB1295C477500359359 /* Space.swift */,
			);
			path = Theme;
			sourceTree = "<group>";
		};
		931BBFB9295C4ED100359359 /* AnimeDetail */ = {
			isa = PBXGroup;
			children = (
				931BBFBA295C4EFB00359359 /* Presenter */,
				931BBFBB295C4F0200359359 /* View */,
			);
			path = AnimeDetail;
			sourceTree = "<group>";
		};
		931BBFBA295C4EFB00359359 /* Presenter */ = {
			isa = PBXGroup;
			children = (
				931BBFBC295C4F1300359359 /* AnimeDetailPresenter.swift */,
			);
			path = Presenter;
			sourceTree = "<group>";
		};
		931BBFBB295C4F0200359359 /* View */ = {
			isa = PBXGroup;
			children = (
				931BBFBE295C4FB400359359 /* AnimeDetailView.swift */,
			);
			path = View;
			sourceTree = "<group>";
		};
		934AF4AC2958A82100C413B4 = {
			isa = PBXGroup;
			children = (
				934AF4B72958A82200C413B4 /* Yume */,
				934AF4C82958A82200C413B4 /* YumeTests */,
				934AF4D22958A82200C413B4 /* YumeUITests */,
				934AF4B62958A82200C413B4 /* Products */,
			);
			sourceTree = "<group>";
		};
		934AF4B62958A82200C413B4 /* Products */ = {
			isa = PBXGroup;
			children = (
				934AF4B52958A82200C413B4 /* Yume.app */,
				934AF4C52958A82200C413B4 /* YumeTests.xctest */,
				934AF4CF2958A82200C413B4 /* YumeUITests.xctest */,
			);
			name = Products;
			sourceTree = "<group>";
		};
		934AF4B72958A82200C413B4 /* Yume */ = {
			isa = PBXGroup;
			children = (
				931BBF70295C176E00359359 /* App */,
				931BBF74295C17F300359359 /* Core */,
				931BBF7B295C186800359359 /* Module */,
				934AF4BE2958A82200C413B4 /* Preview Content */,
				931BBF71295C17B400359359 /* Supporting Files */,
			);
			path = Yume;
			sourceTree = "<group>";
		};
		934AF4BE2958A82200C413B4 /* Preview Content */ = {
			isa = PBXGroup;
			children = (
				931BBFAC295C3C8900359359 /* top_all_anime_response.json */,
				931BBFAA295C3C7500359359 /* PreviewData copy.swift */,
				934AF4BF2958A82200C413B4 /* Preview Assets.xcassets */,
			);
			path = "Preview Content";
			sourceTree = "<group>";
		};
		934AF4C82958A82200C413B4 /* YumeTests */ = {
			isa = PBXGroup;
			children = (
				934AF4C92958A82200C413B4 /* YumeTests.swift */,
			);
			path = YumeTests;
			sourceTree = "<group>";
		};
		934AF4D22958A82200C413B4 /* YumeUITests */ = {
			isa = PBXGroup;
			children = (
				934AF4D32958A82200C413B4 /* YumeUITests.swift */,
				934AF4D52958A82200C413B4 /* YumeUITestsLaunchTests.swift */,
			);
			path = YumeUITests;
			sourceTree = "<group>";
		};
/* End PBXGroup section */

/* Begin PBXNativeTarget section */
		934AF4B42958A82100C413B4 /* Yume */ = {
			isa = PBXNativeTarget;
			buildConfigurationList = 934AF4D92958A82200C413B4 /* Build configuration list for PBXNativeTarget "Yume" */;
			buildPhases = (
				934AF4B12958A82100C413B4 /* Sources */,
				934AF4B22958A82100C413B4 /* Frameworks */,
				934AF4B32958A82100C413B4 /* Resources */,
				931BBF66295C14AC00359359 /* ShellScript */,
			);
			buildRules = (
			);
			dependencies = (
			);
			name = Yume;
			packageProductDependencies = (
				931BBF64295C142200359359 /* Alamofire */,
				931BBF69295C16B700359359 /* Realm */,
				931BBF6B295C16B700359359 /* RealmSwift */,
				931BBF6E295C171000359359 /* SDWebImageSwiftUI */,
			);
			productName = Yume;
			productReference = 934AF4B52958A82200C413B4 /* Yume.app */;
			productType = "com.apple.product-type.application";
		};
		934AF4C42958A82200C413B4 /* YumeTests */ = {
			isa = PBXNativeTarget;
			buildConfigurationList = 934AF4DC2958A82200C413B4 /* Build configuration list for PBXNativeTarget "YumeTests" */;
			buildPhases = (
				934AF4C12958A82200C413B4 /* Sources */,
				934AF4C22958A82200C413B4 /* Frameworks */,
				934AF4C32958A82200C413B4 /* Resources */,
			);
			buildRules = (
			);
			dependencies = (
				934AF4C72958A82200C413B4 /* PBXTargetDependency */,
			);
			name = YumeTests;
			productName = YumeTests;
			productReference = 934AF4C52958A82200C413B4 /* YumeTests.xctest */;
			productType = "com.apple.product-type.bundle.unit-test";
		};
		934AF4CE2958A82200C413B4 /* YumeUITests */ = {
			isa = PBXNativeTarget;
			buildConfigurationList = 934AF4DF2958A82200C413B4 /* Build configuration list for PBXNativeTarget "YumeUITests" */;
			buildPhases = (
				934AF4CB2958A82200C413B4 /* Sources */,
				934AF4CC2958A82200C413B4 /* Frameworks */,
				934AF4CD2958A82200C413B4 /* Resources */,
			);
			buildRules = (
			);
			dependencies = (
				934AF4D12958A82200C413B4 /* PBXTargetDependency */,
			);
			name = YumeUITests;
			productName = YumeUITests;
			productReference = 934AF4CF2958A82200C413B4 /* YumeUITests.xctest */;
			productType = "com.apple.product-type.bundle.ui-testing";
		};
/* End PBXNativeTarget section */

/* Begin PBXProject section */
		934AF4AD2958A82100C413B4 /* Project object */ = {
			isa = PBXProject;
			attributes = {
				BuildIndependentTargetsInParallel = 1;
				LastSwiftUpdateCheck = 1420;
				LastUpgradeCheck = 1420;
				TargetAttributes = {
					934AF4B42958A82100C413B4 = {
						CreatedOnToolsVersion = 14.2;
					};
					934AF4C42958A82200C413B4 = {
						CreatedOnToolsVersion = 14.2;
						TestTargetID = 934AF4B42958A82100C413B4;
					};
					934AF4CE2958A82200C413B4 = {
						CreatedOnToolsVersion = 14.2;
						TestTargetID = 934AF4B42958A82100C413B4;
					};
				};
			};
			buildConfigurationList = 934AF4B02958A82100C413B4 /* Build configuration list for PBXProject "Yume" */;
			compatibilityVersion = "Xcode 14.0";
			developmentRegion = en;
			hasScannedForEncodings = 0;
			knownRegions = (
				en,
				Base,
			);
			mainGroup = 934AF4AC2958A82100C413B4;
			packageReferences = (
				931BBF63295C142200359359 /* XCRemoteSwiftPackageReference "Alamofire" */,
				931BBF68295C16B700359359 /* XCRemoteSwiftPackageReference "realm-cocoa" */,
				931BBF6D295C171000359359 /* XCRemoteSwiftPackageReference "SDWebImageSwiftUI" */,
			);
			productRefGroup = 934AF4B62958A82200C413B4 /* Products */;
			projectDirPath = "";
			projectRoot = "";
			targets = (
				934AF4B42958A82100C413B4 /* Yume */,
				934AF4C42958A82200C413B4 /* YumeTests */,
				934AF4CE2958A82200C413B4 /* YumeUITests */,
			);
		};
/* End PBXProject section */

/* Begin PBXResourcesBuildPhase section */
		934AF4B32958A82100C413B4 /* Resources */ = {
			isa = PBXResourcesBuildPhase;
			buildActionMask = 2147483647;
			files = (
				934AF4C02958A82200C413B4 /* Preview Assets.xcassets in Resources */,
				934AF4BD2958A82200C413B4 /* Assets.xcassets in Resources */,
				931BBFAD295C3C8900359359 /* top_all_anime_response.json in Resources */,
			);
			runOnlyForDeploymentPostprocessing = 0;
		};
		934AF4C32958A82200C413B4 /* Resources */ = {
			isa = PBXResourcesBuildPhase;
			buildActionMask = 2147483647;
			files = (
			);
			runOnlyForDeploymentPostprocessing = 0;
		};
		934AF4CD2958A82200C413B4 /* Resources */ = {
			isa = PBXResourcesBuildPhase;
			buildActionMask = 2147483647;
			files = (
			);
			runOnlyForDeploymentPostprocessing = 0;
		};
/* End PBXResourcesBuildPhase section */

/* Begin PBXShellScriptBuildPhase section */
		931BBF66295C14AC00359359 /* ShellScript */ = {
			isa = PBXShellScriptBuildPhase;
			alwaysOutOfDate = 1;
			buildActionMask = 2147483647;
			files = (
			);
			inputFileListPaths = (
			);
			inputPaths = (
			);
			outputFileListPaths = (
			);
			outputPaths = (
			);
			runOnlyForDeploymentPostprocessing = 0;
			shellPath = /bin/sh;
			shellScript = "export PATH=\"$PATH:/opt/homebrew/bin\"\nif which swiftlint > /dev/null; then\n  swiftlint\nelse\n  echo \"warning: SwiftLint not installed, download from https://github.com/realm/SwiftLint\"\nfi\n";
		};
/* End PBXShellScriptBuildPhase section */

/* Begin PBXSourcesBuildPhase section */
		934AF4B12958A82100C413B4 /* Sources */ = {
			isa = PBXSourcesBuildPhase;
			buildActionMask = 2147483647;
			files = (
				931BBFA1295C395100359359 /* Injection.swift in Sources */,
				931BBF82295C18FD00359359 /* HomeView.swift in Sources */,
				931BBFBF295C4FB400359359 /* AnimeDetailView.swift in Sources */,
				931BBFB2295C477500359359 /* Space.swift in Sources */,
				931BBF94295C26B900359359 /* AnimeRepository.swift in Sources */,
				931BBFC1295C58BB00359359 /* FormatterExtension.swift in Sources */,
				931BBFB6295C47C400359359 /* Icons.swift in Sources */,
				931BBFAF295C447300359359 /* AnimeItem.swift in Sources */,
				931BBFA3295C398E00359359 /* HomeInteractor.swift in Sources */,
				931BBF99295C27A300359359 /* AnimeEntity.swift in Sources */,
				934AF4BB2958A82200C413B4 /* ContentView.swift in Sources */,
				931BBF8E295C201500359359 /* AnimeRankingResponse.swift in Sources */,
				931BBF96295C270D00359359 /* LocaleDataSource.swift in Sources */,
				931BBFA5295C39F400359359 /* HomeRouter.swift in Sources */,
				931BBFA7295C3ADE00359359 /* AnimeRow.swift in Sources */,
				931BBF8B295C1B4100359359 /* RemoteDateSource.swift in Sources */,
				931BBFBD295C4F1300359359 /* AnimeDetailPresenter.swift in Sources */,
				931BBFB8295C4E1D00359359 /* AnimeDetailInteractor.swift in Sources */,
				931BBF9D295C297500359359 /* AnimeRankingMapper.swift in Sources */,
				931BBF92295C24B900359359 /* CustomErrorExtension.swift in Sources */,
				931BBF9F295C302800359359 /* AnimeResponse.swift in Sources */,
				931BBF9B295C28F700359359 /* AnimeModel.swift in Sources */,
				931BBFB4295C479600359359 /* Shape.swift in Sources */,
				931BBFAB295C3C7500359359 /* PreviewData copy.swift in Sources */,
				931BBF89295C19C400359359 /* APICall.swift in Sources */,
				934AF4B92958A82200C413B4 /* YumeApp.swift in Sources */,
				931BBF84295C197400359359 /* HomePresenter.swift in Sources */,
			);
			runOnlyForDeploymentPostprocessing = 0;
		};
		934AF4C12958A82200C413B4 /* Sources */ = {
			isa = PBXSourcesBuildPhase;
			buildActionMask = 2147483647;
			files = (
				934AF4CA2958A82200C413B4 /* YumeTests.swift in Sources */,
			);
			runOnlyForDeploymentPostprocessing = 0;
		};
		934AF4CB2958A82200C413B4 /* Sources */ = {
			isa = PBXSourcesBuildPhase;
			buildActionMask = 2147483647;
			files = (
				934AF4D62958A82200C413B4 /* YumeUITestsLaunchTests.swift in Sources */,
				934AF4D42958A82200C413B4 /* YumeUITests.swift in Sources */,
			);
			runOnlyForDeploymentPostprocessing = 0;
		};
/* End PBXSourcesBuildPhase section */

/* Begin PBXTargetDependency section */
		934AF4C72958A82200C413B4 /* PBXTargetDependency */ = {
			isa = PBXTargetDependency;
			target = 934AF4B42958A82100C413B4 /* Yume */;
			targetProxy = 934AF4C62958A82200C413B4 /* PBXContainerItemProxy */;
		};
		934AF4D12958A82200C413B4 /* PBXTargetDependency */ = {
			isa = PBXTargetDependency;
			target = 934AF4B42958A82100C413B4 /* Yume */;
			targetProxy = 934AF4D02958A82200C413B4 /* PBXContainerItemProxy */;
		};
/* End PBXTargetDependency section */

/* Begin XCBuildConfiguration section */
		934AF4D72958A82200C413B4 /* Debug */ = {
			isa = XCBuildConfiguration;
			buildSettings = {
				ALWAYS_SEARCH_USER_PATHS = NO;
				CLANG_ANALYZER_NONNULL = YES;
				CLANG_ANALYZER_NUMBER_OBJECT_CONVERSION = YES_AGGRESSIVE;
				CLANG_CXX_LANGUAGE_STANDARD = "gnu++20";
				CLANG_ENABLE_MODULES = YES;
				CLANG_ENABLE_OBJC_ARC = YES;
				CLANG_ENABLE_OBJC_WEAK = YES;
				CLANG_WARN_BLOCK_CAPTURE_AUTORELEASING = YES;
				CLANG_WARN_BOOL_CONVERSION = YES;
				CLANG_WARN_COMMA = YES;
				CLANG_WARN_CONSTANT_CONVERSION = YES;
				CLANG_WARN_DEPRECATED_OBJC_IMPLEMENTATIONS = YES;
				CLANG_WARN_DIRECT_OBJC_ISA_USAGE = YES_ERROR;
				CLANG_WARN_DOCUMENTATION_COMMENTS = YES;
				CLANG_WARN_EMPTY_BODY = YES;
				CLANG_WARN_ENUM_CONVERSION = YES;
				CLANG_WARN_INFINITE_RECURSION = YES;
				CLANG_WARN_INT_CONVERSION = YES;
				CLANG_WARN_NON_LITERAL_NULL_CONVERSION = YES;
				CLANG_WARN_OBJC_IMPLICIT_RETAIN_SELF = YES;
				CLANG_WARN_OBJC_LITERAL_CONVERSION = YES;
				CLANG_WARN_OBJC_ROOT_CLASS = YES_ERROR;
				CLANG_WARN_QUOTED_INCLUDE_IN_FRAMEWORK_HEADER = YES;
				CLANG_WARN_RANGE_LOOP_ANALYSIS = YES;
				CLANG_WARN_STRICT_PROTOTYPES = YES;
				CLANG_WARN_SUSPICIOUS_MOVE = YES;
				CLANG_WARN_UNGUARDED_AVAILABILITY = YES_AGGRESSIVE;
				CLANG_WARN_UNREACHABLE_CODE = YES;
				CLANG_WARN__DUPLICATE_METHOD_MATCH = YES;
				COPY_PHASE_STRIP = NO;
				DEBUG_INFORMATION_FORMAT = dwarf;
				ENABLE_STRICT_OBJC_MSGSEND = YES;
				ENABLE_TESTABILITY = YES;
				GCC_C_LANGUAGE_STANDARD = gnu11;
				GCC_DYNAMIC_NO_PIC = NO;
				GCC_NO_COMMON_BLOCKS = YES;
				GCC_OPTIMIZATION_LEVEL = 0;
				GCC_PREPROCESSOR_DEFINITIONS = (
					"DEBUG=1",
					"$(inherited)",
				);
				GCC_WARN_64_TO_32_BIT_CONVERSION = YES;
				GCC_WARN_ABOUT_RETURN_TYPE = YES_ERROR;
				GCC_WARN_UNDECLARED_SELECTOR = YES;
				GCC_WARN_UNINITIALIZED_AUTOS = YES_AGGRESSIVE;
				GCC_WARN_UNUSED_FUNCTION = YES;
				GCC_WARN_UNUSED_VARIABLE = YES;
				IPHONEOS_DEPLOYMENT_TARGET = 16.2;
				MTL_ENABLE_DEBUG_INFO = INCLUDE_SOURCE;
				MTL_FAST_MATH = YES;
				ONLY_ACTIVE_ARCH = YES;
				SDKROOT = iphoneos;
				SWIFT_ACTIVE_COMPILATION_CONDITIONS = DEBUG;
				SWIFT_OPTIMIZATION_LEVEL = "-Onone";
			};
			name = Debug;
		};
		934AF4D82958A82200C413B4 /* Release */ = {
			isa = XCBuildConfiguration;
			buildSettings = {
				ALWAYS_SEARCH_USER_PATHS = NO;
				CLANG_ANALYZER_NONNULL = YES;
				CLANG_ANALYZER_NUMBER_OBJECT_CONVERSION = YES_AGGRESSIVE;
				CLANG_CXX_LANGUAGE_STANDARD = "gnu++20";
				CLANG_ENABLE_MODULES = YES;
				CLANG_ENABLE_OBJC_ARC = YES;
				CLANG_ENABLE_OBJC_WEAK = YES;
				CLANG_WARN_BLOCK_CAPTURE_AUTORELEASING = YES;
				CLANG_WARN_BOOL_CONVERSION = YES;
				CLANG_WARN_COMMA = YES;
				CLANG_WARN_CONSTANT_CONVERSION = YES;
				CLANG_WARN_DEPRECATED_OBJC_IMPLEMENTATIONS = YES;
				CLANG_WARN_DIRECT_OBJC_ISA_USAGE = YES_ERROR;
				CLANG_WARN_DOCUMENTATION_COMMENTS = YES;
				CLANG_WARN_EMPTY_BODY = YES;
				CLANG_WARN_ENUM_CONVERSION = YES;
				CLANG_WARN_INFINITE_RECURSION = YES;
				CLANG_WARN_INT_CONVERSION = YES;
				CLANG_WARN_NON_LITERAL_NULL_CONVERSION = YES;
				CLANG_WARN_OBJC_IMPLICIT_RETAIN_SELF = YES;
				CLANG_WARN_OBJC_LITERAL_CONVERSION = YES;
				CLANG_WARN_OBJC_ROOT_CLASS = YES_ERROR;
				CLANG_WARN_QUOTED_INCLUDE_IN_FRAMEWORK_HEADER = YES;
				CLANG_WARN_RANGE_LOOP_ANALYSIS = YES;
				CLANG_WARN_STRICT_PROTOTYPES = YES;
				CLANG_WARN_SUSPICIOUS_MOVE = YES;
				CLANG_WARN_UNGUARDED_AVAILABILITY = YES_AGGRESSIVE;
				CLANG_WARN_UNREACHABLE_CODE = YES;
				CLANG_WARN__DUPLICATE_METHOD_MATCH = YES;
				COPY_PHASE_STRIP = NO;
				DEBUG_INFORMATION_FORMAT = "dwarf-with-dsym";
				ENABLE_NS_ASSERTIONS = NO;
				ENABLE_STRICT_OBJC_MSGSEND = YES;
				GCC_C_LANGUAGE_STANDARD = gnu11;
				GCC_NO_COMMON_BLOCKS = YES;
				GCC_WARN_64_TO_32_BIT_CONVERSION = YES;
				GCC_WARN_ABOUT_RETURN_TYPE = YES_ERROR;
				GCC_WARN_UNDECLARED_SELECTOR = YES;
				GCC_WARN_UNINITIALIZED_AUTOS = YES_AGGRESSIVE;
				GCC_WARN_UNUSED_FUNCTION = YES;
				GCC_WARN_UNUSED_VARIABLE = YES;
				IPHONEOS_DEPLOYMENT_TARGET = 16.2;
				MTL_ENABLE_DEBUG_INFO = NO;
				MTL_FAST_MATH = YES;
				SDKROOT = iphoneos;
				SWIFT_COMPILATION_MODE = wholemodule;
				SWIFT_OPTIMIZATION_LEVEL = "-O";
				VALIDATE_PRODUCT = YES;
			};
			name = Release;
		};
		934AF4DA2958A82200C413B4 /* Debug */ = {
			isa = XCBuildConfiguration;
			buildSettings = {
				ASSETCATALOG_COMPILER_APPICON_NAME = AppIcon;
				ASSETCATALOG_COMPILER_GLOBAL_ACCENT_COLOR_NAME = AccentColor;
				CODE_SIGN_STYLE = Automatic;
				CURRENT_PROJECT_VERSION = 1;
				DEVELOPMENT_ASSET_PATHS = "\"Yume/Preview Content\"";
				ENABLE_PREVIEWS = YES;
				GENERATE_INFOPLIST_FILE = YES;
				INFOPLIST_KEY_UIApplicationSceneManifest_Generation = YES;
				INFOPLIST_KEY_UIApplicationSupportsIndirectInputEvents = YES;
				INFOPLIST_KEY_UILaunchScreen_Generation = YES;
				INFOPLIST_KEY_UISupportedInterfaceOrientations_iPad = "UIInterfaceOrientationPortrait UIInterfaceOrientationPortraitUpsideDown UIInterfaceOrientationLandscapeLeft UIInterfaceOrientationLandscapeRight";
				INFOPLIST_KEY_UISupportedInterfaceOrientations_iPhone = "UIInterfaceOrientationPortrait UIInterfaceOrientationLandscapeLeft UIInterfaceOrientationLandscapeRight";
				LD_RUNPATH_SEARCH_PATHS = (
					"$(inherited)",
					"@executable_path/Frameworks",
				);
				MARKETING_VERSION = 1.0;
				PRODUCT_BUNDLE_IDENTIFIER = com.sapphire.Yume;
				PRODUCT_NAME = "$(TARGET_NAME)";
				SWIFT_EMIT_LOC_STRINGS = YES;
				SWIFT_VERSION = 5.0;
				TARGETED_DEVICE_FAMILY = "1,2";
			};
			name = Debug;
		};
		934AF4DB2958A82200C413B4 /* Release */ = {
			isa = XCBuildConfiguration;
			buildSettings = {
				ASSETCATALOG_COMPILER_APPICON_NAME = AppIcon;
				ASSETCATALOG_COMPILER_GLOBAL_ACCENT_COLOR_NAME = AccentColor;
				CODE_SIGN_STYLE = Automatic;
				CURRENT_PROJECT_VERSION = 1;
				DEVELOPMENT_ASSET_PATHS = "\"Yume/Preview Content\"";
				ENABLE_PREVIEWS = YES;
				GENERATE_INFOPLIST_FILE = YES;
				INFOPLIST_KEY_UIApplicationSceneManifest_Generation = YES;
				INFOPLIST_KEY_UIApplicationSupportsIndirectInputEvents = YES;
				INFOPLIST_KEY_UILaunchScreen_Generation = YES;
				INFOPLIST_KEY_UISupportedInterfaceOrientations_iPad = "UIInterfaceOrientationPortrait UIInterfaceOrientationPortraitUpsideDown UIInterfaceOrientationLandscapeLeft UIInterfaceOrientationLandscapeRight";
				INFOPLIST_KEY_UISupportedInterfaceOrientations_iPhone = "UIInterfaceOrientationPortrait UIInterfaceOrientationLandscapeLeft UIInterfaceOrientationLandscapeRight";
				LD_RUNPATH_SEARCH_PATHS = (
					"$(inherited)",
					"@executable_path/Frameworks",
				);
				MARKETING_VERSION = 1.0;
				PRODUCT_BUNDLE_IDENTIFIER = com.sapphire.Yume;
				PRODUCT_NAME = "$(TARGET_NAME)";
				SWIFT_EMIT_LOC_STRINGS = YES;
				SWIFT_VERSION = 5.0;
				TARGETED_DEVICE_FAMILY = "1,2";
			};
			name = Release;
		};
		934AF4DD2958A82200C413B4 /* Debug */ = {
			isa = XCBuildConfiguration;
			buildSettings = {
				ALWAYS_EMBED_SWIFT_STANDARD_LIBRARIES = YES;
				BUNDLE_LOADER = "$(TEST_HOST)";
				CODE_SIGN_STYLE = Automatic;
				CURRENT_PROJECT_VERSION = 1;
				GENERATE_INFOPLIST_FILE = YES;
				IPHONEOS_DEPLOYMENT_TARGET = 16.2;
				MARKETING_VERSION = 1.0;
				PRODUCT_BUNDLE_IDENTIFIER = com.sapphire.YumeTests;
				PRODUCT_NAME = "$(TARGET_NAME)";
				SWIFT_EMIT_LOC_STRINGS = NO;
				SWIFT_VERSION = 5.0;
				TARGETED_DEVICE_FAMILY = "1,2";
				TEST_HOST = "$(BUILT_PRODUCTS_DIR)/Yume.app/$(BUNDLE_EXECUTABLE_FOLDER_PATH)/Yume";
			};
			name = Debug;
		};
		934AF4DE2958A82200C413B4 /* Release */ = {
			isa = XCBuildConfiguration;
			buildSettings = {
				ALWAYS_EMBED_SWIFT_STANDARD_LIBRARIES = YES;
				BUNDLE_LOADER = "$(TEST_HOST)";
				CODE_SIGN_STYLE = Automatic;
				CURRENT_PROJECT_VERSION = 1;
				GENERATE_INFOPLIST_FILE = YES;
				IPHONEOS_DEPLOYMENT_TARGET = 16.2;
				MARKETING_VERSION = 1.0;
				PRODUCT_BUNDLE_IDENTIFIER = com.sapphire.YumeTests;
				PRODUCT_NAME = "$(TARGET_NAME)";
				SWIFT_EMIT_LOC_STRINGS = NO;
				SWIFT_VERSION = 5.0;
				TARGETED_DEVICE_FAMILY = "1,2";
				TEST_HOST = "$(BUILT_PRODUCTS_DIR)/Yume.app/$(BUNDLE_EXECUTABLE_FOLDER_PATH)/Yume";
			};
			name = Release;
		};
		934AF4E02958A82200C413B4 /* Debug */ = {
			isa = XCBuildConfiguration;
			buildSettings = {
				ALWAYS_EMBED_SWIFT_STANDARD_LIBRARIES = YES;
				CODE_SIGN_STYLE = Automatic;
				CURRENT_PROJECT_VERSION = 1;
				GENERATE_INFOPLIST_FILE = YES;
				MARKETING_VERSION = 1.0;
				PRODUCT_BUNDLE_IDENTIFIER = com.sapphire.YumeUITests;
				PRODUCT_NAME = "$(TARGET_NAME)";
				SWIFT_EMIT_LOC_STRINGS = NO;
				SWIFT_VERSION = 5.0;
				TARGETED_DEVICE_FAMILY = "1,2";
				TEST_TARGET_NAME = Yume;
			};
			name = Debug;
		};
		934AF4E12958A82200C413B4 /* Release */ = {
			isa = XCBuildConfiguration;
			buildSettings = {
				ALWAYS_EMBED_SWIFT_STANDARD_LIBRARIES = YES;
				CODE_SIGN_STYLE = Automatic;
				CURRENT_PROJECT_VERSION = 1;
				GENERATE_INFOPLIST_FILE = YES;
				MARKETING_VERSION = 1.0;
				PRODUCT_BUNDLE_IDENTIFIER = com.sapphire.YumeUITests;
				PRODUCT_NAME = "$(TARGET_NAME)";
				SWIFT_EMIT_LOC_STRINGS = NO;
				SWIFT_VERSION = 5.0;
				TARGETED_DEVICE_FAMILY = "1,2";
				TEST_TARGET_NAME = Yume;
			};
			name = Release;
		};
/* End XCBuildConfiguration section */

/* Begin XCConfigurationList section */
		934AF4B02958A82100C413B4 /* Build configuration list for PBXProject "Yume" */ = {
			isa = XCConfigurationList;
			buildConfigurations = (
				934AF4D72958A82200C413B4 /* Debug */,
				934AF4D82958A82200C413B4 /* Release */,
			);
			defaultConfigurationIsVisible = 0;
			defaultConfigurationName = Release;
		};
		934AF4D92958A82200C413B4 /* Build configuration list for PBXNativeTarget "Yume" */ = {
			isa = XCConfigurationList;
			buildConfigurations = (
				934AF4DA2958A82200C413B4 /* Debug */,
				934AF4DB2958A82200C413B4 /* Release */,
			);
			defaultConfigurationIsVisible = 0;
			defaultConfigurationName = Release;
		};
		934AF4DC2958A82200C413B4 /* Build configuration list for PBXNativeTarget "YumeTests" */ = {
			isa = XCConfigurationList;
			buildConfigurations = (
				934AF4DD2958A82200C413B4 /* Debug */,
				934AF4DE2958A82200C413B4 /* Release */,
			);
			defaultConfigurationIsVisible = 0;
			defaultConfigurationName = Release;
		};
		934AF4DF2958A82200C413B4 /* Build configuration list for PBXNativeTarget "YumeUITests" */ = {
			isa = XCConfigurationList;
			buildConfigurations = (
				934AF4E02958A82200C413B4 /* Debug */,
				934AF4E12958A82200C413B4 /* Release */,
			);
			defaultConfigurationIsVisible = 0;
			defaultConfigurationName = Release;
		};
/* End XCConfigurationList section */

/* Begin XCRemoteSwiftPackageReference section */
		931BBF63295C142200359359 /* XCRemoteSwiftPackageReference "Alamofire" */ = {
			isa = XCRemoteSwiftPackageReference;
			repositoryURL = "https://github.com/Alamofire/Alamofire";
			requirement = {
				kind = exactVersion;
				version = 5.6.4;
			};
		};
		931BBF68295C16B700359359 /* XCRemoteSwiftPackageReference "realm-cocoa" */ = {
			isa = XCRemoteSwiftPackageReference;
			repositoryURL = "https://github.com/realm/realm-cocoa";
			requirement = {
				kind = exactVersion;
				version = 10.33.0;
			};
		};
		931BBF6D295C171000359359 /* XCRemoteSwiftPackageReference "SDWebImageSwiftUI" */ = {
			isa = XCRemoteSwiftPackageReference;
			repositoryURL = "https://github.com/SDWebImage/SDWebImageSwiftUI";
			requirement = {
				kind = upToNextMajorVersion;
				minimumVersion = 2.0.0;
			};
		};
/* End XCRemoteSwiftPackageReference section */

/* Begin XCSwiftPackageProductDependency section */
		931BBF64295C142200359359 /* Alamofire */ = {
			isa = XCSwiftPackageProductDependency;
			package = 931BBF63295C142200359359 /* XCRemoteSwiftPackageReference "Alamofire" */;
			productName = Alamofire;
		};
		931BBF69295C16B700359359 /* Realm */ = {
			isa = XCSwiftPackageProductDependency;
			package = 931BBF68295C16B700359359 /* XCRemoteSwiftPackageReference "realm-cocoa" */;
			productName = Realm;
		};
		931BBF6B295C16B700359359 /* RealmSwift */ = {
			isa = XCSwiftPackageProductDependency;
			package = 931BBF68295C16B700359359 /* XCRemoteSwiftPackageReference "realm-cocoa" */;
			productName = RealmSwift;
		};
		931BBF6E295C171000359359 /* SDWebImageSwiftUI */ = {
			isa = XCSwiftPackageProductDependency;
			package = 931BBF6D295C171000359359 /* XCRemoteSwiftPackageReference "SDWebImageSwiftUI" */;
			productName = SDWebImageSwiftUI;
		};
/* End XCSwiftPackageProductDependency section */
	};
	rootObject = 934AF4AD2958A82100C413B4 /* Project object */;
}
