// !$*UTF8*$!
{
	archiveVersion = 1;
	classes = {
	};
	objectVersion = 56;
	objects = {

/* Begin PBXBuildFile section */
		931BBF89295C19C400359359 /* APICall.swift in Sources */ = {isa = PBXBuildFile; fileRef = 931BBF88295C19C400359359 /* APICall.swift */; };
		931BBFA1295C395100359359 /* Injection.swift in Sources */ = {isa = PBXBuildFile; fileRef = 931BBFA0295C395100359359 /* Injection.swift */; };
		931BBFAB295C3C7500359359 /* PreviewData copy.swift in Sources */ = {isa = PBXBuildFile; fileRef = 931BBFAA295C3C7500359359 /* PreviewData copy.swift */; };
		931BBFAD295C3C8900359359 /* top_all_anime_response.json in Resources */ = {isa = PBXBuildFile; fileRef = 931BBFAC295C3C8900359359 /* top_all_anime_response.json */; };
		93298CF8296BA896006AEC25 /* Search in Frameworks */ = {isa = PBXBuildFile; productRef = 93298CF7296BA896006AEC25 /* Search */; };
		93298D02296BED12006AEC25 /* UINavigationController+Ext.swift in Sources */ = {isa = PBXBuildFile; fileRef = 93298D01296BED12006AEC25 /* UINavigationController+Ext.swift */; };
		934AF4B92958A82200C413B4 /* YumeApp.swift in Sources */ = {isa = PBXBuildFile; fileRef = 934AF4B82958A82200C413B4 /* YumeApp.swift */; };
		934AF4BB2958A82200C413B4 /* ContentView.swift in Sources */ = {isa = PBXBuildFile; fileRef = 934AF4BA2958A82200C413B4 /* ContentView.swift */; };
		934AF4BD2958A82200C413B4 /* Assets.xcassets in Resources */ = {isa = PBXBuildFile; fileRef = 934AF4BC2958A82200C413B4 /* Assets.xcassets */; };
		934AF4C02958A82200C413B4 /* Preview Assets.xcassets in Resources */ = {isa = PBXBuildFile; fileRef = 934AF4BF2958A82200C413B4 /* Preview Assets.xcassets */; };
		934AF4CA2958A82200C413B4 /* YumeTests.swift in Sources */ = {isa = PBXBuildFile; fileRef = 934AF4C92958A82200C413B4 /* YumeTests.swift */; };
		934AF4D42958A82200C413B4 /* YumeUITests.swift in Sources */ = {isa = PBXBuildFile; fileRef = 934AF4D32958A82200C413B4 /* YumeUITests.swift */; };
		934AF4D62958A82200C413B4 /* YumeUITestsLaunchTests.swift in Sources */ = {isa = PBXBuildFile; fileRef = 934AF4D52958A82200C413B4 /* YumeUITestsLaunchTests.swift */; };
		93648F09296866D500CAB465 /* RealmSwift in Frameworks */ = {isa = PBXBuildFile; productRef = 93648F08296866D500CAB465 /* RealmSwift */; };
		93648F0B296866DF00CAB465 /* Realm in Frameworks */ = {isa = PBXBuildFile; productRef = 93648F0A296866DF00CAB465 /* Realm */; };
		93648F0D296866EB00CAB465 /* Alamofire in Frameworks */ = {isa = PBXBuildFile; productRef = 93648F0C296866EB00CAB465 /* Alamofire */; };
		93648F0F296866F000CAB465 /* SDWebImageSwiftUI in Frameworks */ = {isa = PBXBuildFile; productRef = 93648F0E296866F000CAB465 /* SDWebImageSwiftUI */; };
		93648F132968858000CAB465 /* Anime in Frameworks */ = {isa = PBXBuildFile; productRef = 93648F122968858000CAB465 /* Anime */; };
		93648F152968858500CAB465 /* Core in Frameworks */ = {isa = PBXBuildFile; productRef = 93648F142968858500CAB465 /* Core */; };
		93648F242968B8BF00CAB465 /* AppDelegate.swift in Sources */ = {isa = PBXBuildFile; fileRef = 93648F232968B8BF00CAB465 /* AppDelegate.swift */; };
		93648F2A2968C8E400CAB465 /* Home in Frameworks */ = {isa = PBXBuildFile; productRef = 93648F292968C8E400CAB465 /* Home */; };
		93648F2F2968E1B200CAB465 /* Common in Frameworks */ = {isa = PBXBuildFile; productRef = 93648F2E2968E1B200CAB465 /* Common */; };
		93648F602968E36E00CAB465 /* Nunito-BlackItalic.ttf in Resources */ = {isa = PBXBuildFile; fileRef = 93648F502968E36D00CAB465 /* Nunito-BlackItalic.ttf */; };
		93648F612968E36E00CAB465 /* Nunito-SemiBoldItalic.ttf in Resources */ = {isa = PBXBuildFile; fileRef = 93648F512968E36D00CAB465 /* Nunito-SemiBoldItalic.ttf */; };
		93648F622968E36E00CAB465 /* Nunito-Medium.ttf in Resources */ = {isa = PBXBuildFile; fileRef = 93648F522968E36D00CAB465 /* Nunito-Medium.ttf */; };
		93648F632968E36E00CAB465 /* Nunito-ExtraLightItalic.ttf in Resources */ = {isa = PBXBuildFile; fileRef = 93648F532968E36D00CAB465 /* Nunito-ExtraLightItalic.ttf */; };
		93648F642968E36E00CAB465 /* Nunito-SemiBold.ttf in Resources */ = {isa = PBXBuildFile; fileRef = 93648F542968E36D00CAB465 /* Nunito-SemiBold.ttf */; };
		93648F652968E36E00CAB465 /* Nunito-ExtraBoldItalic.ttf in Resources */ = {isa = PBXBuildFile; fileRef = 93648F552968E36D00CAB465 /* Nunito-ExtraBoldItalic.ttf */; };
		93648F662968E36E00CAB465 /* Nunito-Italic.ttf in Resources */ = {isa = PBXBuildFile; fileRef = 93648F562968E36D00CAB465 /* Nunito-Italic.ttf */; };
		93648F672968E36E00CAB465 /* Nunito-BoldItalic.ttf in Resources */ = {isa = PBXBuildFile; fileRef = 93648F572968E36D00CAB465 /* Nunito-BoldItalic.ttf */; };
		93648F682968E36E00CAB465 /* Nunito-Black.ttf in Resources */ = {isa = PBXBuildFile; fileRef = 93648F582968E36D00CAB465 /* Nunito-Black.ttf */; };
		93648F692968E36E00CAB465 /* Nunito-MediumItalic.ttf in Resources */ = {isa = PBXBuildFile; fileRef = 93648F592968E36D00CAB465 /* Nunito-MediumItalic.ttf */; };
		93648F6A2968E36E00CAB465 /* Nunito-ExtraBold.ttf in Resources */ = {isa = PBXBuildFile; fileRef = 93648F5A2968E36E00CAB465 /* Nunito-ExtraBold.ttf */; };
		93648F6B2968E36E00CAB465 /* Nunito-Light.ttf in Resources */ = {isa = PBXBuildFile; fileRef = 93648F5B2968E36E00CAB465 /* Nunito-Light.ttf */; };
		93648F6C2968E36E00CAB465 /* Nunito-Bold.ttf in Resources */ = {isa = PBXBuildFile; fileRef = 93648F5C2968E36E00CAB465 /* Nunito-Bold.ttf */; };
		93648F6D2968E36E00CAB465 /* Nunito-ExtraLight.ttf in Resources */ = {isa = PBXBuildFile; fileRef = 93648F5D2968E36E00CAB465 /* Nunito-ExtraLight.ttf */; };
		93648F6E2968E36E00CAB465 /* Nunito-Regular.ttf in Resources */ = {isa = PBXBuildFile; fileRef = 93648F5E2968E36E00CAB465 /* Nunito-Regular.ttf */; };
		93648F6F2968E36E00CAB465 /* Nunito-LightItalic.ttf in Resources */ = {isa = PBXBuildFile; fileRef = 93648F5F2968E36E00CAB465 /* Nunito-LightItalic.ttf */; };
		939959EB296B109700C7761C /* Profile in Frameworks */ = {isa = PBXBuildFile; productRef = 939959EA296B109700C7761C /* Profile */; };
		93A3C9EF296A164200B4483F /* Router.swift in Sources */ = {isa = PBXBuildFile; fileRef = 93A3C9EE296A164200B4483F /* Router.swift */; };
		93A3C9F2296A3F9300B4483F /* SeeAllAnime in Frameworks */ = {isa = PBXBuildFile; productRef = 93A3C9F1296A3F9300B4483F /* SeeAllAnime */; };
		93A3C9F5296A5B2400B4483F /* Favorite in Frameworks */ = {isa = PBXBuildFile; productRef = 93A3C9F4296A5B2400B4483F /* Favorite */; };
		93C14CE229602B5400097AFB /* .swiftlint.yml in Resources */ = {isa = PBXBuildFile; fileRef = 93C14CE129602B5400097AFB /* .swiftlint.yml */; };
		93C5814A29690B0900D3C1A0 /* AnimeDetail in Frameworks */ = {isa = PBXBuildFile; productRef = 93C5814929690B0900D3C1A0 /* AnimeDetail */; };
/* End PBXBuildFile section */

/* Begin PBXContainerItemProxy section */
		934AF4C62958A82200C413B4 /* PBXContainerItemProxy */ = {
			isa = PBXContainerItemProxy;
			containerPortal = 934AF4AD2958A82100C413B4 /* Project object */;
			proxyType = 1;
			remoteGlobalIDString = 934AF4B42958A82100C413B4;
			remoteInfo = Yume;
		};
		934AF4D02958A82200C413B4 /* PBXContainerItemProxy */ = {
			isa = PBXContainerItemProxy;
			containerPortal = 934AF4AD2958A82100C413B4 /* Project object */;
			proxyType = 1;
			remoteGlobalIDString = 934AF4B42958A82100C413B4;
			remoteInfo = Yume;
		};
/* End PBXContainerItemProxy section */

/* Begin PBXFileReference section */
		931BBF88295C19C400359359 /* APICall.swift */ = {isa = PBXFileReference; lastKnownFileType = sourcecode.swift; path = APICall.swift; sourceTree = "<group>"; };
		931BBFA0295C395100359359 /* Injection.swift */ = {isa = PBXFileReference; lastKnownFileType = sourcecode.swift; path = Injection.swift; sourceTree = "<group>"; };
		931BBFAA295C3C7500359359 /* PreviewData copy.swift */ = {isa = PBXFileReference; fileEncoding = 4; lastKnownFileType = sourcecode.swift; path = "PreviewData copy.swift"; sourceTree = "<group>"; };
		931BBFAC295C3C8900359359 /* top_all_anime_response.json */ = {isa = PBXFileReference; fileEncoding = 4; lastKnownFileType = text.json; path = top_all_anime_response.json; sourceTree = "<group>"; };
		931BBFD4295CC79900359359 /* Info.plist */ = {isa = PBXFileReference; lastKnownFileType = text.plist.xml; path = Info.plist; sourceTree = "<group>"; };
		93298D01296BED12006AEC25 /* UINavigationController+Ext.swift */ = {isa = PBXFileReference; fileEncoding = 4; lastKnownFileType = sourcecode.swift; path = "UINavigationController+Ext.swift"; sourceTree = "<group>"; };
		934AF4B52958A82200C413B4 /* Yume.app */ = {isa = PBXFileReference; explicitFileType = wrapper.application; includeInIndex = 0; path = Yume.app; sourceTree = BUILT_PRODUCTS_DIR; };
		934AF4B82958A82200C413B4 /* YumeApp.swift */ = {isa = PBXFileReference; lastKnownFileType = sourcecode.swift; path = YumeApp.swift; sourceTree = "<group>"; };
		934AF4BA2958A82200C413B4 /* ContentView.swift */ = {isa = PBXFileReference; lastKnownFileType = sourcecode.swift; path = ContentView.swift; sourceTree = "<group>"; };
		934AF4BC2958A82200C413B4 /* Assets.xcassets */ = {isa = PBXFileReference; lastKnownFileType = folder.assetcatalog; path = Assets.xcassets; sourceTree = "<group>"; };
		934AF4BF2958A82200C413B4 /* Preview Assets.xcassets */ = {isa = PBXFileReference; lastKnownFileType = folder.assetcatalog; path = "Preview Assets.xcassets"; sourceTree = "<group>"; };
		934AF4C52958A82200C413B4 /* YumeTests.xctest */ = {isa = PBXFileReference; explicitFileType = wrapper.cfbundle; includeInIndex = 0; path = YumeTests.xctest; sourceTree = BUILT_PRODUCTS_DIR; };
		934AF4C92958A82200C413B4 /* YumeTests.swift */ = {isa = PBXFileReference; lastKnownFileType = sourcecode.swift; path = YumeTests.swift; sourceTree = "<group>"; };
		934AF4CF2958A82200C413B4 /* YumeUITests.xctest */ = {isa = PBXFileReference; explicitFileType = wrapper.cfbundle; includeInIndex = 0; path = YumeUITests.xctest; sourceTree = BUILT_PRODUCTS_DIR; };
		934AF4D32958A82200C413B4 /* YumeUITests.swift */ = {isa = PBXFileReference; lastKnownFileType = sourcecode.swift; path = YumeUITests.swift; sourceTree = "<group>"; };
		934AF4D52958A82200C413B4 /* YumeUITestsLaunchTests.swift */ = {isa = PBXFileReference; lastKnownFileType = sourcecode.swift; path = YumeUITestsLaunchTests.swift; sourceTree = "<group>"; };
		93648F03296862B100CAB465 /* Core */ = {isa = PBXFileReference; lastKnownFileType = wrapper; name = Core; path = Modules/Core; sourceTree = "<group>"; };
		93648F11296873D400CAB465 /* Anime */ = {isa = PBXFileReference; lastKnownFileType = wrapper; name = Anime; path = Modules/Anime; sourceTree = "<group>"; };
		93648F232968B8BF00CAB465 /* AppDelegate.swift */ = {isa = PBXFileReference; lastKnownFileType = sourcecode.swift; path = AppDelegate.swift; sourceTree = "<group>"; };
		93648F282968C7F600CAB465 /* Home */ = {isa = PBXFileReference; lastKnownFileType = wrapper; name = Home; path = Modules/Home; sourceTree = "<group>"; };
		93648F2B2968D3E700CAB465 /* Common */ = {isa = PBXFileReference; lastKnownFileType = wrapper; name = Common; path = Modules/Common; sourceTree = "<group>"; };
		93648F502968E36D00CAB465 /* Nunito-BlackItalic.ttf */ = {isa = PBXFileReference; lastKnownFileType = file; path = "Nunito-BlackItalic.ttf"; sourceTree = "<group>"; };
		93648F512968E36D00CAB465 /* Nunito-SemiBoldItalic.ttf */ = {isa = PBXFileReference; lastKnownFileType = file; path = "Nunito-SemiBoldItalic.ttf"; sourceTree = "<group>"; };
		93648F522968E36D00CAB465 /* Nunito-Medium.ttf */ = {isa = PBXFileReference; lastKnownFileType = file; path = "Nunito-Medium.ttf"; sourceTree = "<group>"; };
		93648F532968E36D00CAB465 /* Nunito-ExtraLightItalic.ttf */ = {isa = PBXFileReference; lastKnownFileType = file; path = "Nunito-ExtraLightItalic.ttf"; sourceTree = "<group>"; };
		93648F542968E36D00CAB465 /* Nunito-SemiBold.ttf */ = {isa = PBXFileReference; lastKnownFileType = file; path = "Nunito-SemiBold.ttf"; sourceTree = "<group>"; };
		93648F552968E36D00CAB465 /* Nunito-ExtraBoldItalic.ttf */ = {isa = PBXFileReference; lastKnownFileType = file; path = "Nunito-ExtraBoldItalic.ttf"; sourceTree = "<group>"; };
		93648F562968E36D00CAB465 /* Nunito-Italic.ttf */ = {isa = PBXFileReference; lastKnownFileType = file; path = "Nunito-Italic.ttf"; sourceTree = "<group>"; };
		93648F572968E36D00CAB465 /* Nunito-BoldItalic.ttf */ = {isa = PBXFileReference; lastKnownFileType = file; path = "Nunito-BoldItalic.ttf"; sourceTree = "<group>"; };
		93648F582968E36D00CAB465 /* Nunito-Black.ttf */ = {isa = PBXFileReference; lastKnownFileType = file; path = "Nunito-Black.ttf"; sourceTree = "<group>"; };
		93648F592968E36D00CAB465 /* Nunito-MediumItalic.ttf */ = {isa = PBXFileReference; lastKnownFileType = file; path = "Nunito-MediumItalic.ttf"; sourceTree = "<group>"; };
		93648F5A2968E36E00CAB465 /* Nunito-ExtraBold.ttf */ = {isa = PBXFileReference; lastKnownFileType = file; path = "Nunito-ExtraBold.ttf"; sourceTree = "<group>"; };
		93648F5B2968E36E00CAB465 /* Nunito-Light.ttf */ = {isa = PBXFileReference; lastKnownFileType = file; path = "Nunito-Light.ttf"; sourceTree = "<group>"; };
		93648F5C2968E36E00CAB465 /* Nunito-Bold.ttf */ = {isa = PBXFileReference; lastKnownFileType = file; path = "Nunito-Bold.ttf"; sourceTree = "<group>"; };
		93648F5D2968E36E00CAB465 /* Nunito-ExtraLight.ttf */ = {isa = PBXFileReference; lastKnownFileType = file; path = "Nunito-ExtraLight.ttf"; sourceTree = "<group>"; };
		93648F5E2968E36E00CAB465 /* Nunito-Regular.ttf */ = {isa = PBXFileReference; lastKnownFileType = file; path = "Nunito-Regular.ttf"; sourceTree = "<group>"; };
		93648F5F2968E36E00CAB465 /* Nunito-LightItalic.ttf */ = {isa = PBXFileReference; lastKnownFileType = file; path = "Nunito-LightItalic.ttf"; sourceTree = "<group>"; };
		939959E9296B0D7B00C7761C /* Profile */ = {isa = PBXFileReference; lastKnownFileType = wrapper; name = Profile; path = Modules/Profile; sourceTree = "<group>"; };
		939959EC296B182300C7761C /* Search */ = {isa = PBXFileReference; lastKnownFileType = wrapper; name = Search; path = Modules/Search; sourceTree = "<group>"; };
		93A3C9EE296A164200B4483F /* Router.swift */ = {isa = PBXFileReference; lastKnownFileType = sourcecode.swift; path = Router.swift; sourceTree = "<group>"; };
		93A3C9F0296A3AF800B4483F /* SeeAllAnime */ = {isa = PBXFileReference; lastKnownFileType = wrapper; name = SeeAllAnime; path = Modules/SeeAllAnime; sourceTree = "<group>"; };
		93A3C9F3296A5A8700B4483F /* Favorite */ = {isa = PBXFileReference; lastKnownFileType = wrapper; name = Favorite; path = Modules/Favorite; sourceTree = "<group>"; };
		93C14CE129602B5400097AFB /* .swiftlint.yml */ = {isa = PBXFileReference; fileEncoding = 4; lastKnownFileType = text.yaml; path = .swiftlint.yml; sourceTree = "<group>"; };
		93C581482968F0FC00D3C1A0 /* AnimeDetail */ = {isa = PBXFileReference; lastKnownFileType = wrapper; name = AnimeDetail; path = Modules/AnimeDetail; sourceTree = "<group>"; };
/* End PBXFileReference section */

/* Begin PBXFrameworksBuildPhase section */
		934AF4B22958A82100C413B4 /* Frameworks */ = {
			isa = PBXFrameworksBuildPhase;
			buildActionMask = 2147483647;
			files = (
				93298CF8296BA896006AEC25 /* Search in Frameworks */,
				939959EB296B109700C7761C /* Profile in Frameworks */,
				93648F0F296866F000CAB465 /* SDWebImageSwiftUI in Frameworks */,
				93648F0D296866EB00CAB465 /* Alamofire in Frameworks */,
				93C5814A29690B0900D3C1A0 /* AnimeDetail in Frameworks */,
				93648F132968858000CAB465 /* Anime in Frameworks */,
				93648F0B296866DF00CAB465 /* Realm in Frameworks */,
				93A3C9F5296A5B2400B4483F /* Favorite in Frameworks */,
				93A3C9F2296A3F9300B4483F /* SeeAllAnime in Frameworks */,
				93648F09296866D500CAB465 /* RealmSwift in Frameworks */,
				93648F152968858500CAB465 /* Core in Frameworks */,
				93648F2A2968C8E400CAB465 /* Home in Frameworks */,
				93648F2F2968E1B200CAB465 /* Common in Frameworks */,
			);
			runOnlyForDeploymentPostprocessing = 0;
		};
		934AF4C22958A82200C413B4 /* Frameworks */ = {
			isa = PBXFrameworksBuildPhase;
			buildActionMask = 2147483647;
			files = (
			);
			runOnlyForDeploymentPostprocessing = 0;
		};
		934AF4CC2958A82200C413B4 /* Frameworks */ = {
			isa = PBXFrameworksBuildPhase;
			buildActionMask = 2147483647;
			files = (
			);
			runOnlyForDeploymentPostprocessing = 0;
		};
/* End PBXFrameworksBuildPhase section */

/* Begin PBXGroup section */
		931BBF70295C176E00359359 /* App */ = {
			isa = PBXGroup;
			children = (
				93648F232968B8BF00CAB465 /* AppDelegate.swift */,
				934AF4B82958A82200C413B4 /* YumeApp.swift */,
				934AF4BA2958A82200C413B4 /* ContentView.swift */,
				93A3C9EE296A164200B4483F /* Router.swift */,
			);
			path = App;
			sourceTree = "<group>";
		};
		931BBF71295C17B400359359 /* Supporting Files */ = {
			isa = PBXGroup;
			children = (
				931BBFD7295CC92900359359 /* Font */,
				934AF4BC2958A82200C413B4 /* Assets.xcassets */,
				931BBFD4295CC79900359359 /* Info.plist */,
			);
			path = "Supporting Files";
			sourceTree = "<group>";
		};
		931BBF73295C17E500359359 /* DI */ = {
			isa = PBXGroup;
			children = (
				931BBFA0295C395100359359 /* Injection.swift */,
			);
			path = DI;
			sourceTree = "<group>";
		};
		931BBF74295C17F300359359 /* Core */ = {
			isa = PBXGroup;
			children = (
				931BBF73295C17E500359359 /* DI */,
				931BBF78295C183700359359 /* Utils */,
			);
			path = Core;
			sourceTree = "<group>";
		};
		931BBF78295C183700359359 /* Utils */ = {
			isa = PBXGroup;
			children = (
				931BBF87295C19B000359359 /* Network */,
				931BBF85295C199F00359359 /* Extensions */,
			);
			path = Utils;
			sourceTree = "<group>";
		};
		931BBF85295C199F00359359 /* Extensions */ = {
			isa = PBXGroup;
			children = (
				93298D01296BED12006AEC25 /* UINavigationController+Ext.swift */,
			);
			path = Extensions;
			sourceTree = "<group>";
		};
		931BBF87295C19B000359359 /* Network */ = {
			isa = PBXGroup;
			children = (
				931BBF88295C19C400359359 /* APICall.swift */,
			);
			path = Network;
			sourceTree = "<group>";
		};
		931BBFD7295CC92900359359 /* Font */ = {
			isa = PBXGroup;
			children = (
				93648F582968E36D00CAB465 /* Nunito-Black.ttf */,
				93648F502968E36D00CAB465 /* Nunito-BlackItalic.ttf */,
				93648F5C2968E36E00CAB465 /* Nunito-Bold.ttf */,
				93648F572968E36D00CAB465 /* Nunito-BoldItalic.ttf */,
				93648F5A2968E36E00CAB465 /* Nunito-ExtraBold.ttf */,
				93648F552968E36D00CAB465 /* Nunito-ExtraBoldItalic.ttf */,
				93648F5D2968E36E00CAB465 /* Nunito-ExtraLight.ttf */,
				93648F532968E36D00CAB465 /* Nunito-ExtraLightItalic.ttf */,
				93648F562968E36D00CAB465 /* Nunito-Italic.ttf */,
				93648F5B2968E36E00CAB465 /* Nunito-Light.ttf */,
				93648F5F2968E36E00CAB465 /* Nunito-LightItalic.ttf */,
				93648F522968E36D00CAB465 /* Nunito-Medium.ttf */,
				93648F592968E36D00CAB465 /* Nunito-MediumItalic.ttf */,
				93648F5E2968E36E00CAB465 /* Nunito-Regular.ttf */,
				93648F542968E36D00CAB465 /* Nunito-SemiBold.ttf */,
				93648F512968E36D00CAB465 /* Nunito-SemiBoldItalic.ttf */,
			);
			path = Font;
			sourceTree = "<group>";
		};
		934AF4AC2958A82100C413B4 = {
			isa = PBXGroup;
			children = (
				93C14CE129602B5400097AFB /* .swiftlint.yml */,
				93648F03296862B100CAB465 /* Core */,
				93648F2B2968D3E700CAB465 /* Common */,
				93648F11296873D400CAB465 /* Anime */,
				93648F282968C7F600CAB465 /* Home */,
				93A3C9F0296A3AF800B4483F /* SeeAllAnime */,
				939959EC296B182300C7761C /* Search */,
				93C581482968F0FC00D3C1A0 /* AnimeDetail */,
				93A3C9F3296A5A8700B4483F /* Favorite */,
				939959E9296B0D7B00C7761C /* Profile */,
				934AF4B72958A82200C413B4 /* Yume */,
				934AF4C82958A82200C413B4 /* YumeTests */,
				934AF4D22958A82200C413B4 /* YumeUITests */,
				934AF4B62958A82200C413B4 /* Products */,
				93648F07296866D500CAB465 /* Frameworks */,
			);
			sourceTree = "<group>";
		};
		934AF4B62958A82200C413B4 /* Products */ = {
			isa = PBXGroup;
			children = (
				934AF4B52958A82200C413B4 /* Yume.app */,
				934AF4C52958A82200C413B4 /* YumeTests.xctest */,
				934AF4CF2958A82200C413B4 /* YumeUITests.xctest */,
			);
			name = Products;
			sourceTree = "<group>";
		};
		934AF4B72958A82200C413B4 /* Yume */ = {
			isa = PBXGroup;
			children = (
				931BBF70295C176E00359359 /* App */,
				931BBF74295C17F300359359 /* Core */,
				934AF4BE2958A82200C413B4 /* Preview Content */,
				931BBF71295C17B400359359 /* Supporting Files */,
			);
			path = Yume;
			sourceTree = "<group>";
		};
		934AF4BE2958A82200C413B4 /* Preview Content */ = {
			isa = PBXGroup;
			children = (
				931BBFAC295C3C8900359359 /* top_all_anime_response.json */,
				931BBFAA295C3C7500359359 /* PreviewData copy.swift */,
				934AF4BF2958A82200C413B4 /* Preview Assets.xcassets */,
			);
			path = "Preview Content";
			sourceTree = "<group>";
		};
		934AF4C82958A82200C413B4 /* YumeTests */ = {
			isa = PBXGroup;
			children = (
				934AF4C92958A82200C413B4 /* YumeTests.swift */,
			);
			path = YumeTests;
			sourceTree = "<group>";
		};
		934AF4D22958A82200C413B4 /* YumeUITests */ = {
			isa = PBXGroup;
			children = (
				934AF4D32958A82200C413B4 /* YumeUITests.swift */,
				934AF4D52958A82200C413B4 /* YumeUITestsLaunchTests.swift */,
			);
			path = YumeUITests;
			sourceTree = "<group>";
		};
		93648F07296866D500CAB465 /* Frameworks */ = {
			isa = PBXGroup;
			children = (
			);
			name = Frameworks;
			sourceTree = "<group>";
		};
/* End PBXGroup section */

/* Begin PBXNativeTarget section */
		934AF4B42958A82100C413B4 /* Yume */ = {
			isa = PBXNativeTarget;
			buildConfigurationList = 934AF4D92958A82200C413B4 /* Build configuration list for PBXNativeTarget "Yume" */;
			buildPhases = (
				934AF4B12958A82100C413B4 /* Sources */,
				934AF4B22958A82100C413B4 /* Frameworks */,
				934AF4B32958A82100C413B4 /* Resources */,
				931BBF66295C14AC00359359 /* ShellScript */,
			);
			buildRules = (
			);
			dependencies = (
			);
			name = Yume;
			packageProductDependencies = (
				93648F08296866D500CAB465 /* RealmSwift */,
				93648F0A296866DF00CAB465 /* Realm */,
				93648F0C296866EB00CAB465 /* Alamofire */,
				93648F0E296866F000CAB465 /* SDWebImageSwiftUI */,
				93648F122968858000CAB465 /* Anime */,
				93648F142968858500CAB465 /* Core */,
				93648F292968C8E400CAB465 /* Home */,
				93648F2E2968E1B200CAB465 /* Common */,
				93C5814929690B0900D3C1A0 /* AnimeDetail */,
				93A3C9F1296A3F9300B4483F /* SeeAllAnime */,
				93A3C9F4296A5B2400B4483F /* Favorite */,
				939959EA296B109700C7761C /* Profile */,
				93298CF7296BA896006AEC25 /* Search */,
			);
			productName = Yume;
			productReference = 934AF4B52958A82200C413B4 /* Yume.app */;
			productType = "com.apple.product-type.application";
		};
		934AF4C42958A82200C413B4 /* YumeTests */ = {
			isa = PBXNativeTarget;
			buildConfigurationList = 934AF4DC2958A82200C413B4 /* Build configuration list for PBXNativeTarget "YumeTests" */;
			buildPhases = (
				934AF4C12958A82200C413B4 /* Sources */,
				934AF4C22958A82200C413B4 /* Frameworks */,
				934AF4C32958A82200C413B4 /* Resources */,
			);
			buildRules = (
			);
			dependencies = (
				934AF4C72958A82200C413B4 /* PBXTargetDependency */,
			);
			name = YumeTests;
			productName = YumeTests;
			productReference = 934AF4C52958A82200C413B4 /* YumeTests.xctest */;
			productType = "com.apple.product-type.bundle.unit-test";
		};
		934AF4CE2958A82200C413B4 /* YumeUITests */ = {
			isa = PBXNativeTarget;
			buildConfigurationList = 934AF4DF2958A82200C413B4 /* Build configuration list for PBXNativeTarget "YumeUITests" */;
			buildPhases = (
				934AF4CB2958A82200C413B4 /* Sources */,
				934AF4CC2958A82200C413B4 /* Frameworks */,
				934AF4CD2958A82200C413B4 /* Resources */,
			);
			buildRules = (
			);
			dependencies = (
				934AF4D12958A82200C413B4 /* PBXTargetDependency */,
			);
			name = YumeUITests;
			productName = YumeUITests;
			productReference = 934AF4CF2958A82200C413B4 /* YumeUITests.xctest */;
			productType = "com.apple.product-type.bundle.ui-testing";
		};
/* End PBXNativeTarget section */

/* Begin PBXProject section */
		934AF4AD2958A82100C413B4 /* Project object */ = {
			isa = PBXProject;
			attributes = {
				BuildIndependentTargetsInParallel = 1;
				LastSwiftUpdateCheck = 1420;
				LastUpgradeCheck = 1420;
				TargetAttributes = {
					934AF4B42958A82100C413B4 = {
						CreatedOnToolsVersion = 14.2;
					};
					934AF4C42958A82200C413B4 = {
						CreatedOnToolsVersion = 14.2;
						TestTargetID = 934AF4B42958A82100C413B4;
					};
					934AF4CE2958A82200C413B4 = {
						CreatedOnToolsVersion = 14.2;
						TestTargetID = 934AF4B42958A82100C413B4;
					};
				};
			};
			buildConfigurationList = 934AF4B02958A82100C413B4 /* Build configuration list for PBXProject "Yume" */;
			compatibilityVersion = "Xcode 14.0";
			developmentRegion = en;
			hasScannedForEncodings = 0;
			knownRegions = (
				en,
				Base,
			);
			mainGroup = 934AF4AC2958A82100C413B4;
			packageReferences = (
				93648F04296865AC00CAB465 /* XCRemoteSwiftPackageReference "Alamofire" */,
				93648F05296865C500CAB465 /* XCRemoteSwiftPackageReference "realm-cocoa" */,
				93648F06296865EE00CAB465 /* XCRemoteSwiftPackageReference "SDWebImageSwiftUI" */,
			);
			productRefGroup = 934AF4B62958A82200C413B4 /* Products */;
			projectDirPath = "";
			projectRoot = "";
			targets = (
				934AF4B42958A82100C413B4 /* Yume */,
				934AF4C42958A82200C413B4 /* YumeTests */,
				934AF4CE2958A82200C413B4 /* YumeUITests */,
			);
		};
/* End PBXProject section */

/* Begin PBXResourcesBuildPhase section */
		934AF4B32958A82100C413B4 /* Resources */ = {
			isa = PBXResourcesBuildPhase;
			buildActionMask = 2147483647;
			files = (
				93648F612968E36E00CAB465 /* Nunito-SemiBoldItalic.ttf in Resources */,
				93648F652968E36E00CAB465 /* Nunito-ExtraBoldItalic.ttf in Resources */,
				93648F692968E36E00CAB465 /* Nunito-MediumItalic.ttf in Resources */,
				93648F6E2968E36E00CAB465 /* Nunito-Regular.ttf in Resources */,
				93648F6D2968E36E00CAB465 /* Nunito-ExtraLight.ttf in Resources */,
				93648F662968E36E00CAB465 /* Nunito-Italic.ttf in Resources */,
				93C14CE229602B5400097AFB /* .swiftlint.yml in Resources */,
				934AF4C02958A82200C413B4 /* Preview Assets.xcassets in Resources */,
				93648F642968E36E00CAB465 /* Nunito-SemiBold.ttf in Resources */,
				93648F672968E36E00CAB465 /* Nunito-BoldItalic.ttf in Resources */,
				93648F632968E36E00CAB465 /* Nunito-ExtraLightItalic.ttf in Resources */,
				934AF4BD2958A82200C413B4 /* Assets.xcassets in Resources */,
				93648F682968E36E00CAB465 /* Nunito-Black.ttf in Resources */,
				93648F622968E36E00CAB465 /* Nunito-Medium.ttf in Resources */,
				93648F6C2968E36E00CAB465 /* Nunito-Bold.ttf in Resources */,
				93648F6A2968E36E00CAB465 /* Nunito-ExtraBold.ttf in Resources */,
				931BBFAD295C3C8900359359 /* top_all_anime_response.json in Resources */,
				93648F6B2968E36E00CAB465 /* Nunito-Light.ttf in Resources */,
				93648F6F2968E36E00CAB465 /* Nunito-LightItalic.ttf in Resources */,
				93648F602968E36E00CAB465 /* Nunito-BlackItalic.ttf in Resources */,
			);
			runOnlyForDeploymentPostprocessing = 0;
		};
		934AF4C32958A82200C413B4 /* Resources */ = {
			isa = PBXResourcesBuildPhase;
			buildActionMask = 2147483647;
			files = (
			);
			runOnlyForDeploymentPostprocessing = 0;
		};
		934AF4CD2958A82200C413B4 /* Resources */ = {
			isa = PBXResourcesBuildPhase;
			buildActionMask = 2147483647;
			files = (
			);
			runOnlyForDeploymentPostprocessing = 0;
		};
/* End PBXResourcesBuildPhase section */

/* Begin PBXShellScriptBuildPhase section */
		931BBF66295C14AC00359359 /* ShellScript */ = {
			isa = PBXShellScriptBuildPhase;
			alwaysOutOfDate = 1;
			buildActionMask = 2147483647;
			files = (
			);
			inputFileListPaths = (
			);
			inputPaths = (
			);
			outputFileListPaths = (
			);
			outputPaths = (
			);
			runOnlyForDeploymentPostprocessing = 0;
			shellPath = /bin/sh;
			shellScript = "export PATH=\"$PATH:/opt/homebrew/bin\"\nif which swiftlint > /dev/null; then\n  swiftlint\nelse\n  echo \"warning: SwiftLint not installed, download from https://github.com/realm/SwiftLint\"\nfi\n";
		};
/* End PBXShellScriptBuildPhase section */

/* Begin PBXSourcesBuildPhase section */
		934AF4B12958A82100C413B4 /* Sources */ = {
			isa = PBXSourcesBuildPhase;
			buildActionMask = 2147483647;
			files = (
				931BBFA1295C395100359359 /* Injection.swift in Sources */,
				93298D02296BED12006AEC25 /* UINavigationController+Ext.swift in Sources */,
				93648F242968B8BF00CAB465 /* AppDelegate.swift in Sources */,
				93A3C9EF296A164200B4483F /* Router.swift in Sources */,
				934AF4BB2958A82200C413B4 /* ContentView.swift in Sources */,
				931BBFAB295C3C7500359359 /* PreviewData copy.swift in Sources */,
				931BBF89295C19C400359359 /* APICall.swift in Sources */,
				934AF4B92958A82200C413B4 /* YumeApp.swift in Sources */,
			);
			runOnlyForDeploymentPostprocessing = 0;
		};
		934AF4C12958A82200C413B4 /* Sources */ = {
			isa = PBXSourcesBuildPhase;
			buildActionMask = 2147483647;
			files = (
				934AF4CA2958A82200C413B4 /* YumeTests.swift in Sources */,
			);
			runOnlyForDeploymentPostprocessing = 0;
		};
		934AF4CB2958A82200C413B4 /* Sources */ = {
			isa = PBXSourcesBuildPhase;
			buildActionMask = 2147483647;
			files = (
				934AF4D62958A82200C413B4 /* YumeUITestsLaunchTests.swift in Sources */,
				934AF4D42958A82200C413B4 /* YumeUITests.swift in Sources */,
			);
			runOnlyForDeploymentPostprocessing = 0;
		};
/* End PBXSourcesBuildPhase section */

/* Begin PBXTargetDependency section */
		934AF4C72958A82200C413B4 /* PBXTargetDependency */ = {
			isa = PBXTargetDependency;
			target = 934AF4B42958A82100C413B4 /* Yume */;
			targetProxy = 934AF4C62958A82200C413B4 /* PBXContainerItemProxy */;
		};
		934AF4D12958A82200C413B4 /* PBXTargetDependency */ = {
			isa = PBXTargetDependency;
			target = 934AF4B42958A82100C413B4 /* Yume */;
			targetProxy = 934AF4D02958A82200C413B4 /* PBXContainerItemProxy */;
		};
/* End PBXTargetDependency section */

/* Begin XCBuildConfiguration section */
		934AF4D72958A82200C413B4 /* Debug */ = {
			isa = XCBuildConfiguration;
			buildSettings = {
				ALWAYS_SEARCH_USER_PATHS = NO;
				CLANG_ANALYZER_NONNULL = YES;
				CLANG_ANALYZER_NUMBER_OBJECT_CONVERSION = YES_AGGRESSIVE;
				CLANG_CXX_LANGUAGE_STANDARD = "gnu++20";
				CLANG_ENABLE_MODULES = YES;
				CLANG_ENABLE_OBJC_ARC = YES;
				CLANG_ENABLE_OBJC_WEAK = YES;
				CLANG_WARN_BLOCK_CAPTURE_AUTORELEASING = YES;
				CLANG_WARN_BOOL_CONVERSION = YES;
				CLANG_WARN_COMMA = YES;
				CLANG_WARN_CONSTANT_CONVERSION = YES;
				CLANG_WARN_DEPRECATED_OBJC_IMPLEMENTATIONS = YES;
				CLANG_WARN_DIRECT_OBJC_ISA_USAGE = YES_ERROR;
				CLANG_WARN_DOCUMENTATION_COMMENTS = YES;
				CLANG_WARN_EMPTY_BODY = YES;
				CLANG_WARN_ENUM_CONVERSION = YES;
				CLANG_WARN_INFINITE_RECURSION = YES;
				CLANG_WARN_INT_CONVERSION = YES;
				CLANG_WARN_NON_LITERAL_NULL_CONVERSION = YES;
				CLANG_WARN_OBJC_IMPLICIT_RETAIN_SELF = YES;
				CLANG_WARN_OBJC_LITERAL_CONVERSION = YES;
				CLANG_WARN_OBJC_ROOT_CLASS = YES_ERROR;
				CLANG_WARN_QUOTED_INCLUDE_IN_FRAMEWORK_HEADER = YES;
				CLANG_WARN_RANGE_LOOP_ANALYSIS = YES;
				CLANG_WARN_STRICT_PROTOTYPES = YES;
				CLANG_WARN_SUSPICIOUS_MOVE = YES;
				CLANG_WARN_UNGUARDED_AVAILABILITY = YES_AGGRESSIVE;
				CLANG_WARN_UNREACHABLE_CODE = YES;
				CLANG_WARN__DUPLICATE_METHOD_MATCH = YES;
				COPY_PHASE_STRIP = NO;
				DEBUG_INFORMATION_FORMAT = dwarf;
				ENABLE_STRICT_OBJC_MSGSEND = YES;
				ENABLE_TESTABILITY = YES;
				GCC_C_LANGUAGE_STANDARD = gnu11;
				GCC_DYNAMIC_NO_PIC = NO;
				GCC_NO_COMMON_BLOCKS = YES;
				GCC_OPTIMIZATION_LEVEL = 0;
				GCC_PREPROCESSOR_DEFINITIONS = (
					"DEBUG=1",
					"$(inherited)",
				);
				GCC_WARN_64_TO_32_BIT_CONVERSION = YES;
				GCC_WARN_ABOUT_RETURN_TYPE = YES_ERROR;
				GCC_WARN_UNDECLARED_SELECTOR = YES;
				GCC_WARN_UNINITIALIZED_AUTOS = YES_AGGRESSIVE;
				GCC_WARN_UNUSED_FUNCTION = YES;
				GCC_WARN_UNUSED_VARIABLE = YES;
				IPHONEOS_DEPLOYMENT_TARGET = 16.2;
				MTL_ENABLE_DEBUG_INFO = INCLUDE_SOURCE;
				MTL_FAST_MATH = YES;
				ONLY_ACTIVE_ARCH = YES;
				SDKROOT = iphoneos;
				SWIFT_ACTIVE_COMPILATION_CONDITIONS = DEBUG;
				SWIFT_OPTIMIZATION_LEVEL = "-Onone";
			};
			name = Debug;
		};
		934AF4D82958A82200C413B4 /* Release */ = {
			isa = XCBuildConfiguration;
			buildSettings = {
				ALWAYS_SEARCH_USER_PATHS = NO;
				CLANG_ANALYZER_NONNULL = YES;
				CLANG_ANALYZER_NUMBER_OBJECT_CONVERSION = YES_AGGRESSIVE;
				CLANG_CXX_LANGUAGE_STANDARD = "gnu++20";
				CLANG_ENABLE_MODULES = YES;
				CLANG_ENABLE_OBJC_ARC = YES;
				CLANG_ENABLE_OBJC_WEAK = YES;
				CLANG_WARN_BLOCK_CAPTURE_AUTORELEASING = YES;
				CLANG_WARN_BOOL_CONVERSION = YES;
				CLANG_WARN_COMMA = YES;
				CLANG_WARN_CONSTANT_CONVERSION = YES;
				CLANG_WARN_DEPRECATED_OBJC_IMPLEMENTATIONS = YES;
				CLANG_WARN_DIRECT_OBJC_ISA_USAGE = YES_ERROR;
				CLANG_WARN_DOCUMENTATION_COMMENTS = YES;
				CLANG_WARN_EMPTY_BODY = YES;
				CLANG_WARN_ENUM_CONVERSION = YES;
				CLANG_WARN_INFINITE_RECURSION = YES;
				CLANG_WARN_INT_CONVERSION = YES;
				CLANG_WARN_NON_LITERAL_NULL_CONVERSION = YES;
				CLANG_WARN_OBJC_IMPLICIT_RETAIN_SELF = YES;
				CLANG_WARN_OBJC_LITERAL_CONVERSION = YES;
				CLANG_WARN_OBJC_ROOT_CLASS = YES_ERROR;
				CLANG_WARN_QUOTED_INCLUDE_IN_FRAMEWORK_HEADER = YES;
				CLANG_WARN_RANGE_LOOP_ANALYSIS = YES;
				CLANG_WARN_STRICT_PROTOTYPES = YES;
				CLANG_WARN_SUSPICIOUS_MOVE = YES;
				CLANG_WARN_UNGUARDED_AVAILABILITY = YES_AGGRESSIVE;
				CLANG_WARN_UNREACHABLE_CODE = YES;
				CLANG_WARN__DUPLICATE_METHOD_MATCH = YES;
				COPY_PHASE_STRIP = NO;
				DEBUG_INFORMATION_FORMAT = "dwarf-with-dsym";
				ENABLE_NS_ASSERTIONS = NO;
				ENABLE_STRICT_OBJC_MSGSEND = YES;
				GCC_C_LANGUAGE_STANDARD = gnu11;
				GCC_NO_COMMON_BLOCKS = YES;
				GCC_WARN_64_TO_32_BIT_CONVERSION = YES;
				GCC_WARN_ABOUT_RETURN_TYPE = YES_ERROR;
				GCC_WARN_UNDECLARED_SELECTOR = YES;
				GCC_WARN_UNINITIALIZED_AUTOS = YES_AGGRESSIVE;
				GCC_WARN_UNUSED_FUNCTION = YES;
				GCC_WARN_UNUSED_VARIABLE = YES;
				IPHONEOS_DEPLOYMENT_TARGET = 16.2;
				MTL_ENABLE_DEBUG_INFO = NO;
				MTL_FAST_MATH = YES;
				SDKROOT = iphoneos;
				SWIFT_COMPILATION_MODE = wholemodule;
				SWIFT_OPTIMIZATION_LEVEL = "-O";
				VALIDATE_PRODUCT = YES;
			};
			name = Release;
		};
		934AF4DA2958A82200C413B4 /* Debug */ = {
			isa = XCBuildConfiguration;
			buildSettings = {
				ASSETCATALOG_COMPILER_APPICON_NAME = AppIcon;
				ASSETCATALOG_COMPILER_GLOBAL_ACCENT_COLOR_NAME = AccentColor;
				CODE_SIGN_STYLE = Automatic;
				CURRENT_PROJECT_VERSION = 1;
				DEVELOPMENT_ASSET_PATHS = "\"Yume/Preview Content\"";
				ENABLE_PREVIEWS = YES;
				GENERATE_INFOPLIST_FILE = YES;
				INFOPLIST_FILE = "Yume/Supporting Files/Info.plist";
				INFOPLIST_KEY_UIApplicationSceneManifest_Generation = YES;
				INFOPLIST_KEY_UIApplicationSupportsIndirectInputEvents = YES;
				INFOPLIST_KEY_UILaunchScreen_Generation = YES;
				INFOPLIST_KEY_UISupportedInterfaceOrientations_iPad = "UIInterfaceOrientationPortrait UIInterfaceOrientationPortraitUpsideDown UIInterfaceOrientationLandscapeLeft UIInterfaceOrientationLandscapeRight";
				INFOPLIST_KEY_UISupportedInterfaceOrientations_iPhone = "UIInterfaceOrientationPortrait UIInterfaceOrientationLandscapeLeft UIInterfaceOrientationLandscapeRight";
				LD_RUNPATH_SEARCH_PATHS = (
					"$(inherited)",
					"@executable_path/Frameworks",
				);
				MARKETING_VERSION = 1.0;
				PRODUCT_BUNDLE_IDENTIFIER = com.sapphire.Yume;
				PRODUCT_NAME = "$(TARGET_NAME)";
				SWIFT_EMIT_LOC_STRINGS = YES;
				SWIFT_VERSION = 5.0;
				TARGETED_DEVICE_FAMILY = "1,2";
			};
			name = Debug;
		};
		934AF4DB2958A82200C413B4 /* Release */ = {
			isa = XCBuildConfiguration;
			buildSettings = {
				ASSETCATALOG_COMPILER_APPICON_NAME = AppIcon;
				ASSETCATALOG_COMPILER_GLOBAL_ACCENT_COLOR_NAME = AccentColor;
				CODE_SIGN_STYLE = Automatic;
				CURRENT_PROJECT_VERSION = 1;
				DEVELOPMENT_ASSET_PATHS = "\"Yume/Preview Content\"";
				ENABLE_PREVIEWS = YES;
				GENERATE_INFOPLIST_FILE = YES;
				INFOPLIST_FILE = "Yume/Supporting Files/Info.plist";
				INFOPLIST_KEY_UIApplicationSceneManifest_Generation = YES;
				INFOPLIST_KEY_UIApplicationSupportsIndirectInputEvents = YES;
				INFOPLIST_KEY_UILaunchScreen_Generation = YES;
				INFOPLIST_KEY_UISupportedInterfaceOrientations_iPad = "UIInterfaceOrientationPortrait UIInterfaceOrientationPortraitUpsideDown UIInterfaceOrientationLandscapeLeft UIInterfaceOrientationLandscapeRight";
				INFOPLIST_KEY_UISupportedInterfaceOrientations_iPhone = "UIInterfaceOrientationPortrait UIInterfaceOrientationLandscapeLeft UIInterfaceOrientationLandscapeRight";
				LD_RUNPATH_SEARCH_PATHS = (
					"$(inherited)",
					"@executable_path/Frameworks",
				);
				MARKETING_VERSION = 1.0;
				PRODUCT_BUNDLE_IDENTIFIER = com.sapphire.Yume;
				PRODUCT_NAME = "$(TARGET_NAME)";
				SWIFT_EMIT_LOC_STRINGS = YES;
				SWIFT_VERSION = 5.0;
				TARGETED_DEVICE_FAMILY = "1,2";
			};
			name = Release;
		};
		934AF4DD2958A82200C413B4 /* Debug */ = {
			isa = XCBuildConfiguration;
			buildSettings = {
				ALWAYS_EMBED_SWIFT_STANDARD_LIBRARIES = YES;
				BUNDLE_LOADER = "$(TEST_HOST)";
				CODE_SIGN_STYLE = Automatic;
				CURRENT_PROJECT_VERSION = 1;
				GENERATE_INFOPLIST_FILE = YES;
				IPHONEOS_DEPLOYMENT_TARGET = 16.2;
				MARKETING_VERSION = 1.0;
				PRODUCT_BUNDLE_IDENTIFIER = com.sapphire.YumeTests;
				PRODUCT_NAME = "$(TARGET_NAME)";
				SWIFT_EMIT_LOC_STRINGS = NO;
				SWIFT_VERSION = 5.0;
				TARGETED_DEVICE_FAMILY = "1,2";
				TEST_HOST = "$(BUILT_PRODUCTS_DIR)/Yume.app/$(BUNDLE_EXECUTABLE_FOLDER_PATH)/Yume";
			};
			name = Debug;
		};
		934AF4DE2958A82200C413B4 /* Release */ = {
			isa = XCBuildConfiguration;
			buildSettings = {
				ALWAYS_EMBED_SWIFT_STANDARD_LIBRARIES = YES;
				BUNDLE_LOADER = "$(TEST_HOST)";
				CODE_SIGN_STYLE = Automatic;
				CURRENT_PROJECT_VERSION = 1;
				GENERATE_INFOPLIST_FILE = YES;
				IPHONEOS_DEPLOYMENT_TARGET = 16.2;
				MARKETING_VERSION = 1.0;
				PRODUCT_BUNDLE_IDENTIFIER = com.sapphire.YumeTests;
				PRODUCT_NAME = "$(TARGET_NAME)";
				SWIFT_EMIT_LOC_STRINGS = NO;
				SWIFT_VERSION = 5.0;
				TARGETED_DEVICE_FAMILY = "1,2";
				TEST_HOST = "$(BUILT_PRODUCTS_DIR)/Yume.app/$(BUNDLE_EXECUTABLE_FOLDER_PATH)/Yume";
			};
			name = Release;
		};
		934AF4E02958A82200C413B4 /* Debug */ = {
			isa = XCBuildConfiguration;
			buildSettings = {
				ALWAYS_EMBED_SWIFT_STANDARD_LIBRARIES = YES;
				CODE_SIGN_STYLE = Automatic;
				CURRENT_PROJECT_VERSION = 1;
				GENERATE_INFOPLIST_FILE = YES;
				MARKETING_VERSION = 1.0;
				PRODUCT_BUNDLE_IDENTIFIER = com.sapphire.YumeUITests;
				PRODUCT_NAME = "$(TARGET_NAME)";
				SWIFT_EMIT_LOC_STRINGS = NO;
				SWIFT_VERSION = 5.0;
				TARGETED_DEVICE_FAMILY = "1,2";
				TEST_TARGET_NAME = Yume;
			};
			name = Debug;
		};
		934AF4E12958A82200C413B4 /* Release */ = {
			isa = XCBuildConfiguration;
			buildSettings = {
				ALWAYS_EMBED_SWIFT_STANDARD_LIBRARIES = YES;
				CODE_SIGN_STYLE = Automatic;
				CURRENT_PROJECT_VERSION = 1;
				GENERATE_INFOPLIST_FILE = YES;
				MARKETING_VERSION = 1.0;
				PRODUCT_BUNDLE_IDENTIFIER = com.sapphire.YumeUITests;
				PRODUCT_NAME = "$(TARGET_NAME)";
				SWIFT_EMIT_LOC_STRINGS = NO;
				SWIFT_VERSION = 5.0;
				TARGETED_DEVICE_FAMILY = "1,2";
				TEST_TARGET_NAME = Yume;
			};
			name = Release;
		};
/* End XCBuildConfiguration section */

/* Begin XCConfigurationList section */
		934AF4B02958A82100C413B4 /* Build configuration list for PBXProject "Yume" */ = {
			isa = XCConfigurationList;
			buildConfigurations = (
				934AF4D72958A82200C413B4 /* Debug */,
				934AF4D82958A82200C413B4 /* Release */,
			);
			defaultConfigurationIsVisible = 0;
			defaultConfigurationName = Release;
		};
		934AF4D92958A82200C413B4 /* Build configuration list for PBXNativeTarget "Yume" */ = {
			isa = XCConfigurationList;
			buildConfigurations = (
				934AF4DA2958A82200C413B4 /* Debug */,
				934AF4DB2958A82200C413B4 /* Release */,
			);
			defaultConfigurationIsVisible = 0;
			defaultConfigurationName = Release;
		};
		934AF4DC2958A82200C413B4 /* Build configuration list for PBXNativeTarget "YumeTests" */ = {
			isa = XCConfigurationList;
			buildConfigurations = (
				934AF4DD2958A82200C413B4 /* Debug */,
				934AF4DE2958A82200C413B4 /* Release */,
			);
			defaultConfigurationIsVisible = 0;
			defaultConfigurationName = Release;
		};
		934AF4DF2958A82200C413B4 /* Build configuration list for PBXNativeTarget "YumeUITests" */ = {
			isa = XCConfigurationList;
			buildConfigurations = (
				934AF4E02958A82200C413B4 /* Debug */,
				934AF4E12958A82200C413B4 /* Release */,
			);
			defaultConfigurationIsVisible = 0;
			defaultConfigurationName = Release;
		};
/* End XCConfigurationList section */

/* Begin XCRemoteSwiftPackageReference section */
		93648F04296865AC00CAB465 /* XCRemoteSwiftPackageReference "Alamofire" */ = {
			isa = XCRemoteSwiftPackageReference;
			repositoryURL = "https://github.com/Alamofire/Alamofire";
			requirement = {
				kind = upToNextMajorVersion;
				minimumVersion = 5.0.0;
			};
		};
		93648F05296865C500CAB465 /* XCRemoteSwiftPackageReference "realm-cocoa" */ = {
			isa = XCRemoteSwiftPackageReference;
			repositoryURL = "https://github.com/realm/realm-cocoa";
			requirement = {
				kind = upToNextMajorVersion;
				minimumVersion = 10.0.0;
			};
		};
		93648F06296865EE00CAB465 /* XCRemoteSwiftPackageReference "SDWebImageSwiftUI" */ = {
			isa = XCRemoteSwiftPackageReference;
			repositoryURL = "https://github.com/SDWebImage/SDWebImageSwiftUI";
			requirement = {
				kind = upToNextMajorVersion;
				minimumVersion = 2.0.0;
			};
		};
/* End XCRemoteSwiftPackageReference section */

/* Begin XCSwiftPackageProductDependency section */
		93298CF7296BA896006AEC25 /* Search */ = {
			isa = XCSwiftPackageProductDependency;
			productName = Search;
		};
		93648F08296866D500CAB465 /* RealmSwift */ = {
			isa = XCSwiftPackageProductDependency;
			package = 93648F05296865C500CAB465 /* XCRemoteSwiftPackageReference "realm-cocoa" */;
			productName = RealmSwift;
		};
		93648F0A296866DF00CAB465 /* Realm */ = {
			isa = XCSwiftPackageProductDependency;
			package = 93648F05296865C500CAB465 /* XCRemoteSwiftPackageReference "realm-cocoa" */;
			productName = Realm;
		};
		93648F0C296866EB00CAB465 /* Alamofire */ = {
			isa = XCSwiftPackageProductDependency;
			package = 93648F04296865AC00CAB465 /* XCRemoteSwiftPackageReference "Alamofire" */;
			productName = Alamofire;
		};
		93648F0E296866F000CAB465 /* SDWebImageSwiftUI */ = {
			isa = XCSwiftPackageProductDependency;
			package = 93648F06296865EE00CAB465 /* XCRemoteSwiftPackageReference "SDWebImageSwiftUI" */;
			productName = SDWebImageSwiftUI;
		};
		93648F122968858000CAB465 /* Anime */ = {
			isa = XCSwiftPackageProductDependency;
			productName = Anime;
		};
		93648F142968858500CAB465 /* Core */ = {
			isa = XCSwiftPackageProductDependency;
			productName = Core;
		};
		93648F292968C8E400CAB465 /* Home */ = {
			isa = XCSwiftPackageProductDependency;
			productName = Home;
		};
		93648F2E2968E1B200CAB465 /* Common */ = {
			isa = XCSwiftPackageProductDependency;
			productName = Common;
		};
		939959EA296B109700C7761C /* Profile */ = {
			isa = XCSwiftPackageProductDependency;
			productName = Profile;
		};
		93A3C9F1296A3F9300B4483F /* SeeAllAnime */ = {
			isa = XCSwiftPackageProductDependency;
			productName = SeeAllAnime;
		};
		93A3C9F4296A5B2400B4483F /* Favorite */ = {
			isa = XCSwiftPackageProductDependency;
			productName = Favorite;
		};
		93C5814929690B0900D3C1A0 /* AnimeDetail */ = {
			isa = XCSwiftPackageProductDependency;
			productName = AnimeDetail;
		};
/* End XCSwiftPackageProductDependency section */
	};
	rootObject = 934AF4AD2958A82100C413B4 /* Project object */;
}
