// !$*UTF8*$!
{
	archiveVersion = 1;
	classes = {
	};
	objectVersion = 56;
	objects = {

/* Begin PBXBuildFile section */
		934AF4B92958A82200C413B4 /* YumeApp.swift in Sources */ = {isa = PBXBuildFile; fileRef = 934AF4B82958A82200C413B4 /* YumeApp.swift */; };
		934AF4BB2958A82200C413B4 /* ContentView.swift in Sources */ = {isa = PBXBuildFile; fileRef = 934AF4BA2958A82200C413B4 /* ContentView.swift */; };
		934AF4BD2958A82200C413B4 /* Assets.xcassets in Resources */ = {isa = PBXBuildFile; fileRef = 934AF4BC2958A82200C413B4 /* Assets.xcassets */; };
		934AF4C02958A82200C413B4 /* Preview Assets.xcassets in Resources */ = {isa = PBXBuildFile; fileRef = 934AF4BF2958A82200C413B4 /* Preview Assets.xcassets */; };
		934AF4CA2958A82200C413B4 /* YumeTests.swift in Sources */ = {isa = PBXBuildFile; fileRef = 934AF4C92958A82200C413B4 /* YumeTests.swift */; };
		934AF4D42958A82200C413B4 /* YumeUITests.swift in Sources */ = {isa = PBXBuildFile; fileRef = 934AF4D32958A82200C413B4 /* YumeUITests.swift */; };
		934AF4D62958A82200C413B4 /* YumeUITestsLaunchTests.swift in Sources */ = {isa = PBXBuildFile; fileRef = 934AF4D52958A82200C413B4 /* YumeUITestsLaunchTests.swift */; };
/* End PBXBuildFile section */

/* Begin PBXContainerItemProxy section */
		934AF4C62958A82200C413B4 /* PBXContainerItemProxy */ = {
			isa = PBXContainerItemProxy;
			containerPortal = 934AF4AD2958A82100C413B4 /* Project object */;
			proxyType = 1;
			remoteGlobalIDString = 934AF4B42958A82100C413B4;
			remoteInfo = Yume;
		};
		934AF4D02958A82200C413B4 /* PBXContainerItemProxy */ = {
			isa = PBXContainerItemProxy;
			containerPortal = 934AF4AD2958A82100C413B4 /* Project object */;
			proxyType = 1;
			remoteGlobalIDString = 934AF4B42958A82100C413B4;
			remoteInfo = Yume;
		};
/* End PBXContainerItemProxy section */

/* Begin PBXFileReference section */
		934AF4B52958A82200C413B4 /* Yume.app */ = {isa = PBXFileReference; explicitFileType = wrapper.application; includeInIndex = 0; path = Yume.app; sourceTree = BUILT_PRODUCTS_DIR; };
		934AF4B82958A82200C413B4 /* YumeApp.swift */ = {isa = PBXFileReference; lastKnownFileType = sourcecode.swift; path = YumeApp.swift; sourceTree = "<group>"; };
		934AF4BA2958A82200C413B4 /* ContentView.swift */ = {isa = PBXFileReference; lastKnownFileType = sourcecode.swift; path = ContentView.swift; sourceTree = "<group>"; };
		934AF4BC2958A82200C413B4 /* Assets.xcassets */ = {isa = PBXFileReference; lastKnownFileType = folder.assetcatalog; path = Assets.xcassets; sourceTree = "<group>"; };
		934AF4BF2958A82200C413B4 /* Preview Assets.xcassets */ = {isa = PBXFileReference; lastKnownFileType = folder.assetcatalog; path = "Preview Assets.xcassets"; sourceTree = "<group>"; };
		934AF4C52958A82200C413B4 /* YumeTests.xctest */ = {isa = PBXFileReference; explicitFileType = wrapper.cfbundle; includeInIndex = 0; path = YumeTests.xctest; sourceTree = BUILT_PRODUCTS_DIR; };
		934AF4C92958A82200C413B4 /* YumeTests.swift */ = {isa = PBXFileReference; lastKnownFileType = sourcecode.swift; path = YumeTests.swift; sourceTree = "<group>"; };
		934AF4CF2958A82200C413B4 /* YumeUITests.xctest */ = {isa = PBXFileReference; explicitFileType = wrapper.cfbundle; includeInIndex = 0; path = YumeUITests.xctest; sourceTree = BUILT_PRODUCTS_DIR; };
		934AF4D32958A82200C413B4 /* YumeUITests.swift */ = {isa = PBXFileReference; lastKnownFileType = sourcecode.swift; path = YumeUITests.swift; sourceTree = "<group>"; };
		934AF4D52958A82200C413B4 /* YumeUITestsLaunchTests.swift */ = {isa = PBXFileReference; lastKnownFileType = sourcecode.swift; path = YumeUITestsLaunchTests.swift; sourceTree = "<group>"; };
/* End PBXFileReference section */

/* Begin PBXFrameworksBuildPhase section */
		934AF4B22958A82100C413B4 /* Frameworks */ = {
			isa = PBXFrameworksBuildPhase;
			buildActionMask = 2147483647;
			files = (
			);
			runOnlyForDeploymentPostprocessing = 0;
		};
		934AF4C22958A82200C413B4 /* Frameworks */ = {
			isa = PBXFrameworksBuildPhase;
			buildActionMask = 2147483647;
			files = (
			);
			runOnlyForDeploymentPostprocessing = 0;
		};
		934AF4CC2958A82200C413B4 /* Frameworks */ = {
			isa = PBXFrameworksBuildPhase;
			buildActionMask = 2147483647;
			files = (
			);
			runOnlyForDeploymentPostprocessing = 0;
		};
/* End PBXFrameworksBuildPhase section */

/* Begin PBXGroup section */
		934AF4AC2958A82100C413B4 = {
			isa = PBXGroup;
			children = (
				934AF4B72958A82200C413B4 /* Yume */,
				934AF4C82958A82200C413B4 /* YumeTests */,
				934AF4D22958A82200C413B4 /* YumeUITests */,
				934AF4B62958A82200C413B4 /* Products */,
			);
			sourceTree = "<group>";
		};
		934AF4B62958A82200C413B4 /* Products */ = {
			isa = PBXGroup;
			children = (
				934AF4B52958A82200C413B4 /* Yume.app */,
				934AF4C52958A82200C413B4 /* YumeTests.xctest */,
				934AF4CF2958A82200C413B4 /* YumeUITests.xctest */,
			);
			name = Products;
			sourceTree = "<group>";
		};
		934AF4B72958A82200C413B4 /* Yume */ = {
			isa = PBXGroup;
			children = (
				934AF4B82958A82200C413B4 /* YumeApp.swift */,
				934AF4BA2958A82200C413B4 /* ContentView.swift */,
				934AF4BC2958A82200C413B4 /* Assets.xcassets */,
				934AF4BE2958A82200C413B4 /* Preview Content */,
			);
			path = Yume;
			sourceTree = "<group>";
		};
		934AF4BE2958A82200C413B4 /* Preview Content */ = {
			isa = PBXGroup;
			children = (
				934AF4BF2958A82200C413B4 /* Preview Assets.xcassets */,
			);
			path = "Preview Content";
			sourceTree = "<group>";
		};
		934AF4C82958A82200C413B4 /* YumeTests */ = {
			isa = PBXGroup;
			children = (
				934AF4C92958A82200C413B4 /* YumeTests.swift */,
			);
			path = YumeTests;
			sourceTree = "<group>";
		};
		934AF4D22958A82200C413B4 /* YumeUITests */ = {
			isa = PBXGroup;
			children = (
				934AF4D32958A82200C413B4 /* YumeUITests.swift */,
				934AF4D52958A82200C413B4 /* YumeUITestsLaunchTests.swift */,
			);
			path = YumeUITests;
			sourceTree = "<group>";
		};
/* End PBXGroup section */

/* Begin PBXNativeTarget section */
		934AF4B42958A82100C413B4 /* Yume */ = {
			isa = PBXNativeTarget;
			buildConfigurationList = 934AF4D92958A82200C413B4 /* Build configuration list for PBXNativeTarget "Yume" */;
			buildPhases = (
				934AF4B12958A82100C413B4 /* Sources */,
				934AF4B22958A82100C413B4 /* Frameworks */,
				934AF4B32958A82100C413B4 /* Resources */,
			);
			buildRules = (
			);
			dependencies = (
			);
			name = Yume;
			productName = Yume;
			productReference = 934AF4B52958A82200C413B4 /* Yume.app */;
			productType = "com.apple.product-type.application";
		};
		934AF4C42958A82200C413B4 /* YumeTests */ = {
			isa = PBXNativeTarget;
			buildConfigurationList = 934AF4DC2958A82200C413B4 /* Build configuration list for PBXNativeTarget "YumeTests" */;
			buildPhases = (
				934AF4C12958A82200C413B4 /* Sources */,
				934AF4C22958A82200C413B4 /* Frameworks */,
				934AF4C32958A82200C413B4 /* Resources */,
			);
			buildRules = (
			);
			dependencies = (
				934AF4C72958A82200C413B4 /* PBXTargetDependency */,
			);
			name = YumeTests;
			productName = YumeTests;
			productReference = 934AF4C52958A82200C413B4 /* YumeTests.xctest */;
			productType = "com.apple.product-type.bundle.unit-test";
		};
		934AF4CE2958A82200C413B4 /* YumeUITests */ = {
			isa = PBXNativeTarget;
			buildConfigurationList = 934AF4DF2958A82200C413B4 /* Build configuration list for PBXNativeTarget "YumeUITests" */;
			buildPhases = (
				934AF4CB2958A82200C413B4 /* Sources */,
				934AF4CC2958A82200C413B4 /* Frameworks */,
				934AF4CD2958A82200C413B4 /* Resources */,
			);
			buildRules = (
			);
			dependencies = (
				934AF4D12958A82200C413B4 /* PBXTargetDependency */,
			);
			name = YumeUITests;
			productName = YumeUITests;
			productReference = 934AF4CF2958A82200C413B4 /* YumeUITests.xctest */;
			productType = "com.apple.product-type.bundle.ui-testing";
		};
/* End PBXNativeTarget section */

/* Begin PBXProject section */
		934AF4AD2958A82100C413B4 /* Project object */ = {
			isa = PBXProject;
			attributes = {
				BuildIndependentTargetsInParallel = 1;
				LastSwiftUpdateCheck = 1420;
				LastUpgradeCheck = 1420;
				TargetAttributes = {
					934AF4B42958A82100C413B4 = {
						CreatedOnToolsVersion = 14.2;
					};
					934AF4C42958A82200C413B4 = {
						CreatedOnToolsVersion = 14.2;
						TestTargetID = 934AF4B42958A82100C413B4;
					};
					934AF4CE2958A82200C413B4 = {
						CreatedOnToolsVersion = 14.2;
						TestTargetID = 934AF4B42958A82100C413B4;
					};
				};
			};
			buildConfigurationList = 934AF4B02958A82100C413B4 /* Build configuration list for PBXProject "Yume" */;
			compatibilityVersion = "Xcode 14.0";
			developmentRegion = en;
			hasScannedForEncodings = 0;
			knownRegions = (
				en,
				Base,
			);
			mainGroup = 934AF4AC2958A82100C413B4;
			productRefGroup = 934AF4B62958A82200C413B4 /* Products */;
			projectDirPath = "";
			projectRoot = "";
			targets = (
				934AF4B42958A82100C413B4 /* Yume */,
				934AF4C42958A82200C413B4 /* YumeTests */,
				934AF4CE2958A82200C413B4 /* YumeUITests */,
			);
		};
/* End PBXProject section */

/* Begin PBXResourcesBuildPhase section */
		934AF4B32958A82100C413B4 /* Resources */ = {
			isa = PBXResourcesBuildPhase;
			buildActionMask = 2147483647;
			files = (
				934AF4C02958A82200C413B4 /* Preview Assets.xcassets in Resources */,
				934AF4BD2958A82200C413B4 /* Assets.xcassets in Resources */,
			);
			runOnlyForDeploymentPostprocessing = 0;
		};
		934AF4C32958A82200C413B4 /* Resources */ = {
			isa = PBXResourcesBuildPhase;
			buildActionMask = 2147483647;
			files = (
			);
			runOnlyForDeploymentPostprocessing = 0;
		};
		934AF4CD2958A82200C413B4 /* Resources */ = {
			isa = PBXResourcesBuildPhase;
			buildActionMask = 2147483647;
			files = (
			);
			runOnlyForDeploymentPostprocessing = 0;
		};
/* End PBXResourcesBuildPhase section */

/* Begin PBXSourcesBuildPhase section */
		934AF4B12958A82100C413B4 /* Sources */ = {
			isa = PBXSourcesBuildPhase;
			buildActionMask = 2147483647;
			files = (
				934AF4BB2958A82200C413B4 /* ContentView.swift in Sources */,
				934AF4B92958A82200C413B4 /* YumeApp.swift in Sources */,
			);
			runOnlyForDeploymentPostprocessing = 0;
		};
		934AF4C12958A82200C413B4 /* Sources */ = {
			isa = PBXSourcesBuildPhase;
			buildActionMask = 2147483647;
			files = (
				934AF4CA2958A82200C413B4 /* YumeTests.swift in Sources */,
			);
			runOnlyForDeploymentPostprocessing = 0;
		};
		934AF4CB2958A82200C413B4 /* Sources */ = {
			isa = PBXSourcesBuildPhase;
			buildActionMask = 2147483647;
			files = (
				934AF4D62958A82200C413B4 /* YumeUITestsLaunchTests.swift in Sources */,
				934AF4D42958A82200C413B4 /* YumeUITests.swift in Sources */,
			);
			runOnlyForDeploymentPostprocessing = 0;
		};
/* End PBXSourcesBuildPhase section */

/* Begin PBXTargetDependency section */
		934AF4C72958A82200C413B4 /* PBXTargetDependency */ = {
			isa = PBXTargetDependency;
			target = 934AF4B42958A82100C413B4 /* Yume */;
			targetProxy = 934AF4C62958A82200C413B4 /* PBXContainerItemProxy */;
		};
		934AF4D12958A82200C413B4 /* PBXTargetDependency */ = {
			isa = PBXTargetDependency;
			target = 934AF4B42958A82100C413B4 /* Yume */;
			targetProxy = 934AF4D02958A82200C413B4 /* PBXContainerItemProxy */;
		};
/* End PBXTargetDependency section */

/* Begin XCBuildConfiguration section */
		934AF4D72958A82200C413B4 /* Debug */ = {
			isa = XCBuildConfiguration;
			buildSettings = {
				ALWAYS_SEARCH_USER_PATHS = NO;
				CLANG_ANALYZER_NONNULL = YES;
				CLANG_ANALYZER_NUMBER_OBJECT_CONVERSION = YES_AGGRESSIVE;
				CLANG_CXX_LANGUAGE_STANDARD = "gnu++20";
				CLANG_ENABLE_MODULES = YES;
				CLANG_ENABLE_OBJC_ARC = YES;
				CLANG_ENABLE_OBJC_WEAK = YES;
				CLANG_WARN_BLOCK_CAPTURE_AUTORELEASING = YES;
				CLANG_WARN_BOOL_CONVERSION = YES;
				CLANG_WARN_COMMA = YES;
				CLANG_WARN_CONSTANT_CONVERSION = YES;
				CLANG_WARN_DEPRECATED_OBJC_IMPLEMENTATIONS = YES;
				CLANG_WARN_DIRECT_OBJC_ISA_USAGE = YES_ERROR;
				CLANG_WARN_DOCUMENTATION_COMMENTS = YES;
				CLANG_WARN_EMPTY_BODY = YES;
				CLANG_WARN_ENUM_CONVERSION = YES;
				CLANG_WARN_INFINITE_RECURSION = YES;
				CLANG_WARN_INT_CONVERSION = YES;
				CLANG_WARN_NON_LITERAL_NULL_CONVERSION = YES;
				CLANG_WARN_OBJC_IMPLICIT_RETAIN_SELF = YES;
				CLANG_WARN_OBJC_LITERAL_CONVERSION = YES;
				CLANG_WARN_OBJC_ROOT_CLASS = YES_ERROR;
				CLANG_WARN_QUOTED_INCLUDE_IN_FRAMEWORK_HEADER = YES;
				CLANG_WARN_RANGE_LOOP_ANALYSIS = YES;
				CLANG_WARN_STRICT_PROTOTYPES = YES;
				CLANG_WARN_SUSPICIOUS_MOVE = YES;
				CLANG_WARN_UNGUARDED_AVAILABILITY = YES_AGGRESSIVE;
				CLANG_WARN_UNREACHABLE_CODE = YES;
				CLANG_WARN__DUPLICATE_METHOD_MATCH = YES;
				COPY_PHASE_STRIP = NO;
				DEBUG_INFORMATION_FORMAT = dwarf;
				ENABLE_STRICT_OBJC_MSGSEND = YES;
				ENABLE_TESTABILITY = YES;
				GCC_C_LANGUAGE_STANDARD = gnu11;
				GCC_DYNAMIC_NO_PIC = NO;
				GCC_NO_COMMON_BLOCKS = YES;
				GCC_OPTIMIZATION_LEVEL = 0;
				GCC_PREPROCESSOR_DEFINITIONS = (
					"DEBUG=1",
					"$(inherited)",
				);
				GCC_WARN_64_TO_32_BIT_CONVERSION = YES;
				GCC_WARN_ABOUT_RETURN_TYPE = YES_ERROR;
				GCC_WARN_UNDECLARED_SELECTOR = YES;
				GCC_WARN_UNINITIALIZED_AUTOS = YES_AGGRESSIVE;
				GCC_WARN_UNUSED_FUNCTION = YES;
				GCC_WARN_UNUSED_VARIABLE = YES;
				IPHONEOS_DEPLOYMENT_TARGET = 16.2;
				MTL_ENABLE_DEBUG_INFO = INCLUDE_SOURCE;
				MTL_FAST_MATH = YES;
				ONLY_ACTIVE_ARCH = YES;
				SDKROOT = iphoneos;
				SWIFT_ACTIVE_COMPILATION_CONDITIONS = DEBUG;
				SWIFT_OPTIMIZATION_LEVEL = "-Onone";
			};
			name = Debug;
		};
		934AF4D82958A82200C413B4 /* Release */ = {
			isa = XCBuildConfiguration;
			buildSettings = {
				ALWAYS_SEARCH_USER_PATHS = NO;
				CLANG_ANALYZER_NONNULL = YES;
				CLANG_ANALYZER_NUMBER_OBJECT_CONVERSION = YES_AGGRESSIVE;
				CLANG_CXX_LANGUAGE_STANDARD = "gnu++20";
				CLANG_ENABLE_MODULES = YES;
				CLANG_ENABLE_OBJC_ARC = YES;
				CLANG_ENABLE_OBJC_WEAK = YES;
				CLANG_WARN_BLOCK_CAPTURE_AUTORELEASING = YES;
				CLANG_WARN_BOOL_CONVERSION = YES;
				CLANG_WARN_COMMA = YES;
				CLANG_WARN_CONSTANT_CONVERSION = YES;
				CLANG_WARN_DEPRECATED_OBJC_IMPLEMENTATIONS = YES;
				CLANG_WARN_DIRECT_OBJC_ISA_USAGE = YES_ERROR;
				CLANG_WARN_DOCUMENTATION_COMMENTS = YES;
				CLANG_WARN_EMPTY_BODY = YES;
				CLANG_WARN_ENUM_CONVERSION = YES;
				CLANG_WARN_INFINITE_RECURSION = YES;
				CLANG_WARN_INT_CONVERSION = YES;
				CLANG_WARN_NON_LITERAL_NULL_CONVERSION = YES;
				CLANG_WARN_OBJC_IMPLICIT_RETAIN_SELF = YES;
				CLANG_WARN_OBJC_LITERAL_CONVERSION = YES;
				CLANG_WARN_OBJC_ROOT_CLASS = YES_ERROR;
				CLANG_WARN_QUOTED_INCLUDE_IN_FRAMEWORK_HEADER = YES;
				CLANG_WARN_RANGE_LOOP_ANALYSIS = YES;
				CLANG_WARN_STRICT_PROTOTYPES = YES;
				CLANG_WARN_SUSPICIOUS_MOVE = YES;
				CLANG_WARN_UNGUARDED_AVAILABILITY = YES_AGGRESSIVE;
				CLANG_WARN_UNREACHABLE_CODE = YES;
				CLANG_WARN__DUPLICATE_METHOD_MATCH = YES;
				COPY_PHASE_STRIP = NO;
				DEBUG_INFORMATION_FORMAT = "dwarf-with-dsym";
				ENABLE_NS_ASSERTIONS = NO;
				ENABLE_STRICT_OBJC_MSGSEND = YES;
				GCC_C_LANGUAGE_STANDARD = gnu11;
				GCC_NO_COMMON_BLOCKS = YES;
				GCC_WARN_64_TO_32_BIT_CONVERSION = YES;
				GCC_WARN_ABOUT_RETURN_TYPE = YES_ERROR;
				GCC_WARN_UNDECLARED_SELECTOR = YES;
				GCC_WARN_UNINITIALIZED_AUTOS = YES_AGGRESSIVE;
				GCC_WARN_UNUSED_FUNCTION = YES;
				GCC_WARN_UNUSED_VARIABLE = YES;
				IPHONEOS_DEPLOYMENT_TARGET = 16.2;
				MTL_ENABLE_DEBUG_INFO = NO;
				MTL_FAST_MATH = YES;
				SDKROOT = iphoneos;
				SWIFT_COMPILATION_MODE = wholemodule;
				SWIFT_OPTIMIZATION_LEVEL = "-O";
				VALIDATE_PRODUCT = YES;
			};
			name = Release;
		};
		934AF4DA2958A82200C413B4 /* Debug */ = {
			isa = XCBuildConfiguration;
			buildSettings = {
				ASSETCATALOG_COMPILER_APPICON_NAME = AppIcon;
				ASSETCATALOG_COMPILER_GLOBAL_ACCENT_COLOR_NAME = AccentColor;
				CODE_SIGN_STYLE = Automatic;
				CURRENT_PROJECT_VERSION = 1;
				DEVELOPMENT_ASSET_PATHS = "\"Yume/Preview Content\"";
				ENABLE_PREVIEWS = YES;
				GENERATE_INFOPLIST_FILE = YES;
				INFOPLIST_KEY_UIApplicationSceneManifest_Generation = YES;
				INFOPLIST_KEY_UIApplicationSupportsIndirectInputEvents = YES;
				INFOPLIST_KEY_UILaunchScreen_Generation = YES;
				INFOPLIST_KEY_UISupportedInterfaceOrientations_iPad = "UIInterfaceOrientationPortrait UIInterfaceOrientationPortraitUpsideDown UIInterfaceOrientationLandscapeLeft UIInterfaceOrientationLandscapeRight";
				INFOPLIST_KEY_UISupportedInterfaceOrientations_iPhone = "UIInterfaceOrientationPortrait UIInterfaceOrientationLandscapeLeft UIInterfaceOrientationLandscapeRight";
				LD_RUNPATH_SEARCH_PATHS = (
					"$(inherited)",
					"@executable_path/Frameworks",
				);
				MARKETING_VERSION = 1.0;
				PRODUCT_BUNDLE_IDENTIFIER = com.sapphire.Yume;
				PRODUCT_NAME = "$(TARGET_NAME)";
				SWIFT_EMIT_LOC_STRINGS = YES;
				SWIFT_VERSION = 5.0;
				TARGETED_DEVICE_FAMILY = "1,2";
			};
			name = Debug;
		};
		934AF4DB2958A82200C413B4 /* Release */ = {
			isa = XCBuildConfiguration;
			buildSettings = {
				ASSETCATALOG_COMPILER_APPICON_NAME = AppIcon;
				ASSETCATALOG_COMPILER_GLOBAL_ACCENT_COLOR_NAME = AccentColor;
				CODE_SIGN_STYLE = Automatic;
				CURRENT_PROJECT_VERSION = 1;
				DEVELOPMENT_ASSET_PATHS = "\"Yume/Preview Content\"";
				ENABLE_PREVIEWS = YES;
				GENERATE_INFOPLIST_FILE = YES;
				INFOPLIST_KEY_UIApplicationSceneManifest_Generation = YES;
				INFOPLIST_KEY_UIApplicationSupportsIndirectInputEvents = YES;
				INFOPLIST_KEY_UILaunchScreen_Generation = YES;
				INFOPLIST_KEY_UISupportedInterfaceOrientations_iPad = "UIInterfaceOrientationPortrait UIInterfaceOrientationPortraitUpsideDown UIInterfaceOrientationLandscapeLeft UIInterfaceOrientationLandscapeRight";
				INFOPLIST_KEY_UISupportedInterfaceOrientations_iPhone = "UIInterfaceOrientationPortrait UIInterfaceOrientationLandscapeLeft UIInterfaceOrientationLandscapeRight";
				LD_RUNPATH_SEARCH_PATHS = (
					"$(inherited)",
					"@executable_path/Frameworks",
				);
				MARKETING_VERSION = 1.0;
				PRODUCT_BUNDLE_IDENTIFIER = com.sapphire.Yume;
				PRODUCT_NAME = "$(TARGET_NAME)";
				SWIFT_EMIT_LOC_STRINGS = YES;
				SWIFT_VERSION = 5.0;
				TARGETED_DEVICE_FAMILY = "1,2";
			};
			name = Release;
		};
		934AF4DD2958A82200C413B4 /* Debug */ = {
			isa = XCBuildConfiguration;
			buildSettings = {
				ALWAYS_EMBED_SWIFT_STANDARD_LIBRARIES = YES;
				BUNDLE_LOADER = "$(TEST_HOST)";
				CODE_SIGN_STYLE = Automatic;
				CURRENT_PROJECT_VERSION = 1;
				GENERATE_INFOPLIST_FILE = YES;
				IPHONEOS_DEPLOYMENT_TARGET = 16.2;
				MARKETING_VERSION = 1.0;
				PRODUCT_BUNDLE_IDENTIFIER = com.sapphire.YumeTests;
				PRODUCT_NAME = "$(TARGET_NAME)";
				SWIFT_EMIT_LOC_STRINGS = NO;
				SWIFT_VERSION = 5.0;
				TARGETED_DEVICE_FAMILY = "1,2";
				TEST_HOST = "$(BUILT_PRODUCTS_DIR)/Yume.app/$(BUNDLE_EXECUTABLE_FOLDER_PATH)/Yume";
			};
			name = Debug;
		};
		934AF4DE2958A82200C413B4 /* Release */ = {
			isa = XCBuildConfiguration;
			buildSettings = {
				ALWAYS_EMBED_SWIFT_STANDARD_LIBRARIES = YES;
				BUNDLE_LOADER = "$(TEST_HOST)";
				CODE_SIGN_STYLE = Automatic;
				CURRENT_PROJECT_VERSION = 1;
				GENERATE_INFOPLIST_FILE = YES;
				IPHONEOS_DEPLOYMENT_TARGET = 16.2;
				MARKETING_VERSION = 1.0;
				PRODUCT_BUNDLE_IDENTIFIER = com.sapphire.YumeTests;
				PRODUCT_NAME = "$(TARGET_NAME)";
				SWIFT_EMIT_LOC_STRINGS = NO;
				SWIFT_VERSION = 5.0;
				TARGETED_DEVICE_FAMILY = "1,2";
				TEST_HOST = "$(BUILT_PRODUCTS_DIR)/Yume.app/$(BUNDLE_EXECUTABLE_FOLDER_PATH)/Yume";
			};
			name = Release;
		};
		934AF4E02958A82200C413B4 /* Debug */ = {
			isa = XCBuildConfiguration;
			buildSettings = {
				ALWAYS_EMBED_SWIFT_STANDARD_LIBRARIES = YES;
				CODE_SIGN_STYLE = Automatic;
				CURRENT_PROJECT_VERSION = 1;
				GENERATE_INFOPLIST_FILE = YES;
				MARKETING_VERSION = 1.0;
				PRODUCT_BUNDLE_IDENTIFIER = com.sapphire.YumeUITests;
				PRODUCT_NAME = "$(TARGET_NAME)";
				SWIFT_EMIT_LOC_STRINGS = NO;
				SWIFT_VERSION = 5.0;
				TARGETED_DEVICE_FAMILY = "1,2";
				TEST_TARGET_NAME = Yume;
			};
			name = Debug;
		};
		934AF4E12958A82200C413B4 /* Release */ = {
			isa = XCBuildConfiguration;
			buildSettings = {
				ALWAYS_EMBED_SWIFT_STANDARD_LIBRARIES = YES;
				CODE_SIGN_STYLE = Automatic;
				CURRENT_PROJECT_VERSION = 1;
				GENERATE_INFOPLIST_FILE = YES;
				MARKETING_VERSION = 1.0;
				PRODUCT_BUNDLE_IDENTIFIER = com.sapphire.YumeUITests;
				PRODUCT_NAME = "$(TARGET_NAME)";
				SWIFT_EMIT_LOC_STRINGS = NO;
				SWIFT_VERSION = 5.0;
				TARGETED_DEVICE_FAMILY = "1,2";
				TEST_TARGET_NAME = Yume;
			};
			name = Release;
		};
/* End XCBuildConfiguration section */

/* Begin XCConfigurationList section */
		934AF4B02958A82100C413B4 /* Build configuration list for PBXProject "Yume" */ = {
			isa = XCConfigurationList;
			buildConfigurations = (
				934AF4D72958A82200C413B4 /* Debug */,
				934AF4D82958A82200C413B4 /* Release */,
			);
			defaultConfigurationIsVisible = 0;
			defaultConfigurationName = Release;
		};
		934AF4D92958A82200C413B4 /* Build configuration list for PBXNativeTarget "Yume" */ = {
			isa = XCConfigurationList;
			buildConfigurations = (
				934AF4DA2958A82200C413B4 /* Debug */,
				934AF4DB2958A82200C413B4 /* Release */,
			);
			defaultConfigurationIsVisible = 0;
			defaultConfigurationName = Release;
		};
		934AF4DC2958A82200C413B4 /* Build configuration list for PBXNativeTarget "YumeTests" */ = {
			isa = XCConfigurationList;
			buildConfigurations = (
				934AF4DD2958A82200C413B4 /* Debug */,
				934AF4DE2958A82200C413B4 /* Release */,
			);
			defaultConfigurationIsVisible = 0;
			defaultConfigurationName = Release;
		};
		934AF4DF2958A82200C413B4 /* Build configuration list for PBXNativeTarget "YumeUITests" */ = {
			isa = XCConfigurationList;
			buildConfigurations = (
				934AF4E02958A82200C413B4 /* Debug */,
				934AF4E12958A82200C413B4 /* Release */,
			);
			defaultConfigurationIsVisible = 0;
			defaultConfigurationName = Release;
		};
/* End XCConfigurationList section */
	};
	rootObject = 934AF4AD2958A82100C413B4 /* Project object */;
}
